// !$*UTF8*$!
{
	archiveVersion = 1;
	classes = {
	};
	objectVersion = 51;
	objects = {

/* Begin PBXBuildFile section */
		5971D5A0C26A1DA07F69DC45 /* Pods_MemeMakerTests.framework in Frameworks */ = {isa = PBXBuildFile; fileRef = 181AE00A56527B15EEF77B8C /* Pods_MemeMakerTests.framework */; };
		892B1EE826181A2C00329B0A /* TemplatesViewModel.swift in Sources */ = {isa = PBXBuildFile; fileRef = 892B1EDE26181A2C00329B0A /* TemplatesViewModel.swift */; };
		892B1EE926181A2C00329B0A /* TemplatesViewModelProtocol.swift in Sources */ = {isa = PBXBuildFile; fileRef = 892B1EDF26181A2C00329B0A /* TemplatesViewModelProtocol.swift */; };
		892B1EEA26181A2C00329B0A /* TemplatesCoordinator.swift in Sources */ = {isa = PBXBuildFile; fileRef = 892B1EE126181A2C00329B0A /* TemplatesCoordinator.swift */; };
		892B1EEB26181A2C00329B0A /* TemplatesCoordinatorProtocol.swift in Sources */ = {isa = PBXBuildFile; fileRef = 892B1EE226181A2C00329B0A /* TemplatesCoordinatorProtocol.swift */; };
		892B1EEC26181A2C00329B0A /* TemplatesOutput.swift in Sources */ = {isa = PBXBuildFile; fileRef = 892B1EE326181A2C00329B0A /* TemplatesOutput.swift */; };
		892B1EED26181A2C00329B0A /* TemplatesView.swift in Sources */ = {isa = PBXBuildFile; fileRef = 892B1EE526181A2C00329B0A /* TemplatesView.swift */; };
		892B1EEE26181A2C00329B0A /* TemplatesViewController.swift in Sources */ = {isa = PBXBuildFile; fileRef = 892B1EE626181A2C00329B0A /* TemplatesViewController.swift */; };
		892B1EEF26181A2C00329B0A /* TemplatesInput.swift in Sources */ = {isa = PBXBuildFile; fileRef = 892B1EE726181A2C00329B0A /* TemplatesInput.swift */; };
		892B1EF52619EF4200329B0A /* MemeTemplateCollectionViewCell.swift in Sources */ = {isa = PBXBuildFile; fileRef = 892B1EF42619EF4200329B0A /* MemeTemplateCollectionViewCell.swift */; };
		892B1F052619FA8900329B0A /* UIViewController+addStatusBarBlur.swift in Sources */ = {isa = PBXBuildFile; fileRef = 892B1F042619FA8900329B0A /* UIViewController+addStatusBarBlur.swift */; };
		892B1F0B261A22D100329B0A /* FitImageContainer.swift in Sources */ = {isa = PBXBuildFile; fileRef = 892B1F0A261A22D100329B0A /* FitImageContainer.swift */; };
		892B1F2A261A6A2100329B0A /* EditorOutput.swift in Sources */ = {isa = PBXBuildFile; fileRef = 892B1F1F261A6A2100329B0A /* EditorOutput.swift */; };
		892B1F2B261A6A2100329B0A /* EditorViewModel.swift in Sources */ = {isa = PBXBuildFile; fileRef = 892B1F21261A6A2100329B0A /* EditorViewModel.swift */; };
		892B1F2C261A6A2100329B0A /* EditorViewModelProtocol.swift in Sources */ = {isa = PBXBuildFile; fileRef = 892B1F22261A6A2100329B0A /* EditorViewModelProtocol.swift */; };
		892B1F2D261A6A2100329B0A /* EditorCoordinator.swift in Sources */ = {isa = PBXBuildFile; fileRef = 892B1F24261A6A2100329B0A /* EditorCoordinator.swift */; };
		892B1F2E261A6A2100329B0A /* EditorCoordinatorProtocol.swift in Sources */ = {isa = PBXBuildFile; fileRef = 892B1F25261A6A2100329B0A /* EditorCoordinatorProtocol.swift */; };
		892B1F2F261A6A2100329B0A /* EditorInput.swift in Sources */ = {isa = PBXBuildFile; fileRef = 892B1F26261A6A2100329B0A /* EditorInput.swift */; };
		892B1F30261A6A2100329B0A /* EditorView.swift in Sources */ = {isa = PBXBuildFile; fileRef = 892B1F28261A6A2100329B0A /* EditorView.swift */; };
		892B1F31261A6A2100329B0A /* EditorViewController.swift in Sources */ = {isa = PBXBuildFile; fileRef = 892B1F29261A6A2100329B0A /* EditorViewController.swift */; };
		892B1F3F261A752300329B0A /* MemeTemplates.swift in Sources */ = {isa = PBXBuildFile; fileRef = 892B1F3E261A752300329B0A /* MemeTemplates.swift */; };
		892B1F4E261A77AF00329B0A /* AssetsManager.swift in Sources */ = {isa = PBXBuildFile; fileRef = 892B1F43261A77AF00329B0A /* AssetsManager.swift */; };
		892B1F4F261A77AF00329B0A /* AssetsManagerProtocol.swift in Sources */ = {isa = PBXBuildFile; fileRef = 892B1F44261A77AF00329B0A /* AssetsManagerProtocol.swift */; };
		892B1F50261A77AF00329B0A /* PHAssetsManager.swift in Sources */ = {isa = PBXBuildFile; fileRef = 892B1F45261A77AF00329B0A /* PHAssetsManager.swift */; };
		892B1F51261A77AF00329B0A /* DKAssetsManager.swift in Sources */ = {isa = PBXBuildFile; fileRef = 892B1F46261A77AF00329B0A /* DKAssetsManager.swift */; };
		892B1F52261A77AF00329B0A /* AssetsManagerErrors.swift in Sources */ = {isa = PBXBuildFile; fileRef = 892B1F48261A77AF00329B0A /* AssetsManagerErrors.swift */; };
		892B1F53261A77AF00329B0A /* PHAsset+ImageAssetProtocol.swift in Sources */ = {isa = PBXBuildFile; fileRef = 892B1F49261A77AF00329B0A /* PHAsset+ImageAssetProtocol.swift */; };
		892B1F54261A77AF00329B0A /* AssetsManagerTypealiases.swift in Sources */ = {isa = PBXBuildFile; fileRef = 892B1F4A261A77AF00329B0A /* AssetsManagerTypealiases.swift */; };
		892B1F55261A77AF00329B0A /* PHPickerResult+ImageAssetProtocol.swift in Sources */ = {isa = PBXBuildFile; fileRef = 892B1F4B261A77AF00329B0A /* PHPickerResult+ImageAssetProtocol.swift */; };
		892B1F56261A77AF00329B0A /* ImageAssetProtocol.swift in Sources */ = {isa = PBXBuildFile; fileRef = 892B1F4D261A77AF00329B0A /* ImageAssetProtocol.swift */; };
		892B1F86261D2AA100329B0A /* SKProduct+localizedPrice.swift in Sources */ = {isa = PBXBuildFile; fileRef = 892B1F80261D2AA100329B0A /* SKProduct+localizedPrice.swift */; };
		892B1F87261D2AA100329B0A /* UserDefaults+color.swift in Sources */ = {isa = PBXBuildFile; fileRef = 892B1F81261D2AA100329B0A /* UserDefaults+color.swift */; };
		892B1F88261D2AA100329B0A /* Array+weakObjects.swift in Sources */ = {isa = PBXBuildFile; fileRef = 892B1F82261D2AA100329B0A /* Array+weakObjects.swift */; };
		892B1F89261D2AA100329B0A /* Bundle+info.swift in Sources */ = {isa = PBXBuildFile; fileRef = 892B1F83261D2AA100329B0A /* Bundle+info.swift */; };
		892B1F8A261D2AA100329B0A /* Array+safeIndex.swift in Sources */ = {isa = PBXBuildFile; fileRef = 892B1F84261D2AA100329B0A /* Array+safeIndex.swift */; };
		892B1F8B261D2AA100329B0A /* String+capitalizingFirstLetter.swift in Sources */ = {isa = PBXBuildFile; fileRef = 892B1F85261D2AA100329B0A /* String+capitalizingFirstLetter.swift */; };
		892B1FB4261D2F4700329B0A /* CACornerMask+typealias.swift in Sources */ = {isa = PBXBuildFile; fileRef = 892B1FB3261D2F4700329B0A /* CACornerMask+typealias.swift */; };
		892B1FE2261D3E6F00329B0A /* UIView+snapshot.swift in Sources */ = {isa = PBXBuildFile; fileRef = 892B1FE1261D3E6F00329B0A /* UIView+snapshot.swift */; };
		892B2039261E9F3000329B0A /* TextEditorViewModel.swift in Sources */ = {isa = PBXBuildFile; fileRef = 892B202F261E9F3000329B0A /* TextEditorViewModel.swift */; };
		892B203A261E9F3000329B0A /* TextEditorViewModelProtocol.swift in Sources */ = {isa = PBXBuildFile; fileRef = 892B2030261E9F3000329B0A /* TextEditorViewModelProtocol.swift */; };
		892B203B261E9F3000329B0A /* TextEditorCoordinator.swift in Sources */ = {isa = PBXBuildFile; fileRef = 892B2032261E9F3000329B0A /* TextEditorCoordinator.swift */; };
		892B203C261E9F3000329B0A /* TextEditorCoordinatorProtocol.swift in Sources */ = {isa = PBXBuildFile; fileRef = 892B2033261E9F3000329B0A /* TextEditorCoordinatorProtocol.swift */; };
		892B203D261E9F3000329B0A /* TextEditorOutput.swift in Sources */ = {isa = PBXBuildFile; fileRef = 892B2034261E9F3000329B0A /* TextEditorOutput.swift */; };
		892B203E261E9F3000329B0A /* TextEditorViewController.swift in Sources */ = {isa = PBXBuildFile; fileRef = 892B2036261E9F3000329B0A /* TextEditorViewController.swift */; };
		892B203F261E9F3000329B0A /* TextEditorView.swift in Sources */ = {isa = PBXBuildFile; fileRef = 892B2037261E9F3000329B0A /* TextEditorView.swift */; };
		892B2040261E9F3000329B0A /* TextEditorInput.swift in Sources */ = {isa = PBXBuildFile; fileRef = 892B2038261E9F3000329B0A /* TextEditorInput.swift */; };
		892B2046261EBB9C00329B0A /* TextOptionsView.swift in Sources */ = {isa = PBXBuildFile; fileRef = 892B2045261EBB9C00329B0A /* TextOptionsView.swift */; };
		892B205E261EC02600329B0A /* UIView+copyView.swift in Sources */ = {isa = PBXBuildFile; fileRef = 892B205D261EC02600329B0A /* UIView+copyView.swift */; };
		892B2062261ED7EC00329B0A /* ColorOptionsView.swift in Sources */ = {isa = PBXBuildFile; fileRef = 892B2061261ED7EB00329B0A /* ColorOptionsView.swift */; };
		892B2066261EDF6D00329B0A /* ShapeOptionsView.swift in Sources */ = {isa = PBXBuildFile; fileRef = 892B2065261EDF6D00329B0A /* ShapeOptionsView.swift */; };
		892B206E261EEC2100329B0A /* DragableLabelView.swift in Sources */ = {isa = PBXBuildFile; fileRef = 892B206D261EEC2100329B0A /* DragableLabelView.swift */; };
		8940645126122B7600DC682F /* CustomPatchEncoding.swift in Sources */ = {isa = PBXBuildFile; fileRef = 8940644926122B7600DC682F /* CustomPatchEncoding.swift */; };
		8940645226122B7600DC682F /* CustomArrayEncoding.swift in Sources */ = {isa = PBXBuildFile; fileRef = 8940644A26122B7600DC682F /* CustomArrayEncoding.swift */; };
		8940645326122B7600DC682F /* DataParser.swift in Sources */ = {isa = PBXBuildFile; fileRef = 8940644B26122B7600DC682F /* DataParser.swift */; };
		8940645426122B7600DC682F /* NetworkService.swift in Sources */ = {isa = PBXBuildFile; fileRef = 8940644C26122B7600DC682F /* NetworkService.swift */; };
		8940645526122B7600DC682F /* NetworkErrors.swift in Sources */ = {isa = PBXBuildFile; fileRef = 8940644E26122B7600DC682F /* NetworkErrors.swift */; };
		8940645626122B7600DC682F /* DataRequestExecutable.swift in Sources */ = {isa = PBXBuildFile; fileRef = 8940644F26122B7600DC682F /* DataRequestExecutable.swift */; };
		8940645726122B7600DC682F /* CompletionTypealiasesDefault.swift in Sources */ = {isa = PBXBuildFile; fileRef = 8940645026122B7600DC682F /* CompletionTypealiasesDefault.swift */; };
		894064A226122D0100DC682F /* UserStoriesModulesAccounting.swift in Sources */ = {isa = PBXBuildFile; fileRef = 894064A126122D0100DC682F /* UserStoriesModulesAccounting.swift */; };
		894064D82612308800DC682F /* AlertManager.swift in Sources */ = {isa = PBXBuildFile; fileRef = 894064B32612308800DC682F /* AlertManager.swift */; };
		894064D92612308800DC682F /* ColorPickerView.swift in Sources */ = {isa = PBXBuildFile; fileRef = 894064B52612308800DC682F /* ColorPickerView.swift */; };
		894064DA2612308800DC682F /* PickerViewManager.swift in Sources */ = {isa = PBXBuildFile; fileRef = 894064B62612308800DC682F /* PickerViewManager.swift */; };
		894064DB2612308800DC682F /* UIView+TapAnimation.swift in Sources */ = {isa = PBXBuildFile; fileRef = 894064B82612308800DC682F /* UIView+TapAnimation.swift */; };
		894064DC2612308800DC682F /* UIView+layerAnimation.swift in Sources */ = {isa = PBXBuildFile; fileRef = 894064B92612308800DC682F /* UIView+layerAnimation.swift */; };
		894064DD2612308800DC682F /* UIView+RoundedCorners.swift in Sources */ = {isa = PBXBuildFile; fileRef = 894064BA2612308800DC682F /* UIView+RoundedCorners.swift */; };
		894064DE2612308800DC682F /* UIViewController+Keyboard.swift in Sources */ = {isa = PBXBuildFile; fileRef = 894064BB2612308800DC682F /* UIViewController+Keyboard.swift */; };
		894064DF2612308800DC682F /* UIImageView+setDefaultLoadingInicator.swift in Sources */ = {isa = PBXBuildFile; fileRef = 894064BC2612308800DC682F /* UIImageView+setDefaultLoadingInicator.swift */; };
		894064E02612308800DC682F /* UIViewController+addChildViewControllerToView.swift in Sources */ = {isa = PBXBuildFile; fileRef = 894064BD2612308800DC682F /* UIViewController+addChildViewControllerToView.swift */; };
		894064E22612308800DC682F /* String+SizeCalculator.swift in Sources */ = {isa = PBXBuildFile; fileRef = 894064BF2612308800DC682F /* String+SizeCalculator.swift */; };
		894064E32612308800DC682F /* UIImage+overlayedColor.swift in Sources */ = {isa = PBXBuildFile; fileRef = 894064C02612308800DC682F /* UIImage+overlayedColor.swift */; };
		894064E42612308800DC682F /* UIImage+merge.swift in Sources */ = {isa = PBXBuildFile; fileRef = 894064C12612308800DC682F /* UIImage+merge.swift */; };
		894064E52612308800DC682F /* UIView+shake.swift in Sources */ = {isa = PBXBuildFile; fileRef = 894064C22612308800DC682F /* UIView+shake.swift */; };
		894064E62612308800DC682F /* UIColor+rgba.swift in Sources */ = {isa = PBXBuildFile; fileRef = 894064C32612308800DC682F /* UIColor+rgba.swift */; };
		894064E72612308800DC682F /* UIScrollView+ScrollToBottom.swift in Sources */ = {isa = PBXBuildFile; fileRef = 894064C42612308800DC682F /* UIScrollView+ScrollToBottom.swift */; };
		894064E82612308800DC682F /* UITextField+placeholderPadding.swift in Sources */ = {isa = PBXBuildFile; fileRef = 894064C52612308800DC682F /* UITextField+placeholderPadding.swift */; };
		894064E92612308800DC682F /* UIStyleManager.swift in Sources */ = {isa = PBXBuildFile; fileRef = 894064C62612308800DC682F /* UIStyleManager.swift */; };
		894064EA2612308800DC682F /* ModuleTransitionHandler.swift in Sources */ = {isa = PBXBuildFile; fileRef = 894064C92612308800DC682F /* ModuleTransitionHandler.swift */; };
		894064EB2612308800DC682F /* UIViewController+ModuleTransitionHandler.swift in Sources */ = {isa = PBXBuildFile; fileRef = 894064CA2612308800DC682F /* UIViewController+ModuleTransitionHandler.swift */; };
		894064EC2612308800DC682F /* DefaultCoordinator.swift in Sources */ = {isa = PBXBuildFile; fileRef = 894064CB2612308800DC682F /* DefaultCoordinator.swift */; };
		894064ED2612308800DC682F /* LimitatableTextView.swift in Sources */ = {isa = PBXBuildFile; fileRef = 894064CD2612308800DC682F /* LimitatableTextView.swift */; };
		894064EE2612308800DC682F /* PaddingLabel.swift in Sources */ = {isa = PBXBuildFile; fileRef = 894064CE2612308800DC682F /* PaddingLabel.swift */; };
		894064EF2612308800DC682F /* AnnouncementViewController.swift in Sources */ = {isa = PBXBuildFile; fileRef = 894064CF2612308800DC682F /* AnnouncementViewController.swift */; };
		894064F02612308800DC682F /* LabelsSegmentedControl.swift in Sources */ = {isa = PBXBuildFile; fileRef = 894064D12612308800DC682F /* LabelsSegmentedControl.swift */; };
		894064F12612308800DC682F /* SegmentedControl.swift in Sources */ = {isa = PBXBuildFile; fileRef = 894064D22612308800DC682F /* SegmentedControl.swift */; };
		894064F22612308800DC682F /* ScrollMovingUpManagerForUIControl.swift in Sources */ = {isa = PBXBuildFile; fileRef = 894064D32612308800DC682F /* ScrollMovingUpManagerForUIControl.swift */; };
		894064F32612308800DC682F /* ArrowDownButton.swift in Sources */ = {isa = PBXBuildFile; fileRef = 894064D42612308800DC682F /* ArrowDownButton.swift */; };
		894064F42612308800DC682F /* ContentFittingTableView.swift in Sources */ = {isa = PBXBuildFile; fileRef = 894064D52612308800DC682F /* ContentFittingTableView.swift */; };
		894064F52612308800DC682F /* TouchClearUIComponents.swift in Sources */ = {isa = PBXBuildFile; fileRef = 894064D62612308800DC682F /* TouchClearUIComponents.swift */; };
		894064F62612308800DC682F /* ButtonWithTouchSize.swift in Sources */ = {isa = PBXBuildFile; fileRef = 894064D72612308800DC682F /* ButtonWithTouchSize.swift */; };
		894065292612327C00DC682F /* LoadingViewModelProtocol.swift in Sources */ = {isa = PBXBuildFile; fileRef = 8940651F2612327B00DC682F /* LoadingViewModelProtocol.swift */; };
		8940652A2612327C00DC682F /* LoadingViewModel.swift in Sources */ = {isa = PBXBuildFile; fileRef = 894065202612327B00DC682F /* LoadingViewModel.swift */; };
		8940652B2612327C00DC682F /* LoadingOutput.swift in Sources */ = {isa = PBXBuildFile; fileRef = 894065212612327B00DC682F /* LoadingOutput.swift */; };
		8940652C2612327C00DC682F /* LoadingCoordinator.swift in Sources */ = {isa = PBXBuildFile; fileRef = 894065232612327B00DC682F /* LoadingCoordinator.swift */; };
		8940652D2612327C00DC682F /* LoadingCoordinatorProtocol.swift in Sources */ = {isa = PBXBuildFile; fileRef = 894065242612327B00DC682F /* LoadingCoordinatorProtocol.swift */; };
		8940652E2612327C00DC682F /* LoadingView.swift in Sources */ = {isa = PBXBuildFile; fileRef = 894065262612327B00DC682F /* LoadingView.swift */; };
		8940652F2612327C00DC682F /* LoadingViewController.swift in Sources */ = {isa = PBXBuildFile; fileRef = 894065272612327B00DC682F /* LoadingViewController.swift */; };
		894065302612327C00DC682F /* LoadingInput.swift in Sources */ = {isa = PBXBuildFile; fileRef = 894065282612327B00DC682F /* LoadingInput.swift */; };
		894065D726131BEF00DC682F /* Localizable.strings in Resources */ = {isa = PBXBuildFile; fileRef = 894065D526131BEE00DC682F /* Localizable.strings */; };
		894065E9261328E100DC682F /* Gilroy-Regular.ttf in Resources */ = {isa = PBXBuildFile; fileRef = 894065E5261328E100DC682F /* Gilroy-Regular.ttf */; };
		894065EA261328E100DC682F /* Gilroy-Light.ttf in Resources */ = {isa = PBXBuildFile; fileRef = 894065E6261328E100DC682F /* Gilroy-Light.ttf */; };
		894065EB261328E100DC682F /* Gilroy-Semibold.ttf in Resources */ = {isa = PBXBuildFile; fileRef = 894065E7261328E100DC682F /* Gilroy-Semibold.ttf */; };
		894065EC261328E100DC682F /* Gilroy-Bold.ttf in Resources */ = {isa = PBXBuildFile; fileRef = 894065E8261328E100DC682F /* Gilroy-Bold.ttf */; };
		897FC3D9261690DC002352E7 /* UIViewController+alert.swift in Sources */ = {isa = PBXBuildFile; fileRef = 897FC3D8261690DC002352E7 /* UIViewController+alert.swift */; };
		89DD264B25DC9F0000AD2868 /* R.generated.swift in Sources */ = {isa = PBXBuildFile; fileRef = 89DD264A25DC9F0000AD2868 /* R.generated.swift */; };
		89DD277225DCFB2C00AD2868 /* Images.xcassets in Resources */ = {isa = PBXBuildFile; fileRef = 89DD277025DCFB2C00AD2868 /* Images.xcassets */; };
		89DD277325DCFB2C00AD2868 /* Colors.xcassets in Resources */ = {isa = PBXBuildFile; fileRef = 89DD277125DCFB2C00AD2868 /* Colors.xcassets */; };
		89F00A9D2542E16200D482F6 /* UIConstants.swift in Sources */ = {isa = PBXBuildFile; fileRef = 89F00A312542E16200D482F6 /* UIConstants.swift */; };
		89F00AB02542E16200D482F6 /* AppRouter.swift in Sources */ = {isa = PBXBuildFile; fileRef = 89F00A4D2542E16200D482F6 /* AppRouter.swift */; };
		89F00AB12542E16200D482F6 /* MainAppRouter.swift in Sources */ = {isa = PBXBuildFile; fileRef = 89F00A4E2542E16200D482F6 /* MainAppRouter.swift */; };
		89F00AB22542E16200D482F6 /* ApplicationAssembly.swift in Sources */ = {isa = PBXBuildFile; fileRef = 89F00A502542E16200D482F6 /* ApplicationAssembly.swift */; };
		89F00AB32542E16200D482F6 /* AppDelegate.swift in Sources */ = {isa = PBXBuildFile; fileRef = 89F00A522542E16200D482F6 /* AppDelegate.swift */; };
		89F00AB42542E16200D482F6 /* SceneDelegate.swift in Sources */ = {isa = PBXBuildFile; fileRef = 89F00A532542E16200D482F6 /* SceneDelegate.swift */; };
		C36D8F4FA77B8D006AE5566C /* MemeMakerUnitTest.swift in Sources */ = {isa = PBXBuildFile; fileRef = 3DD759F9CD9B9E514B4B37AE /* MemeMakerUnitTest.swift */; };
		C8E8E8C4BB4C54647917C3C7 /* LaunchScreen.storyboard in Resources */ = {isa = PBXBuildFile; fileRef = 2570060E24CFB9F4D9889256 /* LaunchScreen.storyboard */; };
		DF1A54BB3CC6F77FD5C75172 /* Pods_MemeMaker.framework in Frameworks */ = {isa = PBXBuildFile; fileRef = FC03FAC3E2653A0CFEC93FAC /* Pods_MemeMaker.framework */; };
/* End PBXBuildFile section */

/* Begin PBXContainerItemProxy section */
		DB34FCE51D48A32D030DFE82 /* PBXContainerItemProxy */ = {
			isa = PBXContainerItemProxy;
			containerPortal = 80461649AC309017EED3B0DB /* Project object */;
			proxyType = 1;
			remoteGlobalIDString = 30D3FDACB7D17A0BF5E8ADCF;
			remoteInfo = MemeMaker;
		};
/* End PBXContainerItemProxy section */

/* Begin PBXFileReference section */
		0178F67D52AB8FF4AD0D9547 /* Pods-MemeMaker.adhoc.xcconfig */ = {isa = PBXFileReference; includeInIndex = 1; lastKnownFileType = text.xcconfig; name = "Pods-MemeMaker.adhoc.xcconfig"; path = "Target Support Files/Pods-MemeMaker/Pods-MemeMaker.adhoc.xcconfig"; sourceTree = "<group>"; };
		181AE00A56527B15EEF77B8C /* Pods_MemeMakerTests.framework */ = {isa = PBXFileReference; explicitFileType = wrapper.framework; includeInIndex = 0; path = Pods_MemeMakerTests.framework; sourceTree = BUILT_PRODUCTS_DIR; };
		22AAFD8077F8A855F8057D82 /* Pods-MemeMakerTests.adhoc.xcconfig */ = {isa = PBXFileReference; includeInIndex = 1; lastKnownFileType = text.xcconfig; name = "Pods-MemeMakerTests.adhoc.xcconfig"; path = "Target Support Files/Pods-MemeMakerTests/Pods-MemeMakerTests.adhoc.xcconfig"; sourceTree = "<group>"; };
		240AD6606BA5E08F0FCDD542 /* Info.plist */ = {isa = PBXFileReference; lastKnownFileType = text.plist; path = Info.plist; sourceTree = "<group>"; };
		2570060E24CFB9F4D9889256 /* LaunchScreen.storyboard */ = {isa = PBXFileReference; lastKnownFileType = file.storyboard; path = LaunchScreen.storyboard; sourceTree = "<group>"; };
		3DD759F9CD9B9E514B4B37AE /* MemeMakerUnitTest.swift */ = {isa = PBXFileReference; lastKnownFileType = sourcecode.swift; path = MemeMakerUnitTest.swift; sourceTree = "<group>"; };
		6438099CA5B29E430834CBCF /* Pods-MemeMakerTests.release.xcconfig */ = {isa = PBXFileReference; includeInIndex = 1; lastKnownFileType = text.xcconfig; name = "Pods-MemeMakerTests.release.xcconfig"; path = "Target Support Files/Pods-MemeMakerTests/Pods-MemeMakerTests.release.xcconfig"; sourceTree = "<group>"; };
		656934B3B2239FDB899B1AE8 /* MemeMaker.app */ = {isa = PBXFileReference; explicitFileType = wrapper.application; includeInIndex = 0; path = MemeMaker.app; sourceTree = BUILT_PRODUCTS_DIR; };
		678DC1594F1721FA4DC5EFE5 /* Pods-MemeMaker.release.xcconfig */ = {isa = PBXFileReference; includeInIndex = 1; lastKnownFileType = text.xcconfig; name = "Pods-MemeMaker.release.xcconfig"; path = "Target Support Files/Pods-MemeMaker/Pods-MemeMaker.release.xcconfig"; sourceTree = "<group>"; };
		892B1EDE26181A2C00329B0A /* TemplatesViewModel.swift */ = {isa = PBXFileReference; fileEncoding = 4; lastKnownFileType = sourcecode.swift; path = TemplatesViewModel.swift; sourceTree = "<group>"; };
		892B1EDF26181A2C00329B0A /* TemplatesViewModelProtocol.swift */ = {isa = PBXFileReference; fileEncoding = 4; lastKnownFileType = sourcecode.swift; path = TemplatesViewModelProtocol.swift; sourceTree = "<group>"; };
		892B1EE126181A2C00329B0A /* TemplatesCoordinator.swift */ = {isa = PBXFileReference; fileEncoding = 4; lastKnownFileType = sourcecode.swift; path = TemplatesCoordinator.swift; sourceTree = "<group>"; };
		892B1EE226181A2C00329B0A /* TemplatesCoordinatorProtocol.swift */ = {isa = PBXFileReference; fileEncoding = 4; lastKnownFileType = sourcecode.swift; path = TemplatesCoordinatorProtocol.swift; sourceTree = "<group>"; };
		892B1EE326181A2C00329B0A /* TemplatesOutput.swift */ = {isa = PBXFileReference; fileEncoding = 4; lastKnownFileType = sourcecode.swift; path = TemplatesOutput.swift; sourceTree = "<group>"; };
		892B1EE526181A2C00329B0A /* TemplatesView.swift */ = {isa = PBXFileReference; fileEncoding = 4; lastKnownFileType = sourcecode.swift; path = TemplatesView.swift; sourceTree = "<group>"; };
		892B1EE626181A2C00329B0A /* TemplatesViewController.swift */ = {isa = PBXFileReference; fileEncoding = 4; lastKnownFileType = sourcecode.swift; path = TemplatesViewController.swift; sourceTree = "<group>"; };
		892B1EE726181A2C00329B0A /* TemplatesInput.swift */ = {isa = PBXFileReference; fileEncoding = 4; lastKnownFileType = sourcecode.swift; path = TemplatesInput.swift; sourceTree = "<group>"; };
		892B1EF42619EF4200329B0A /* MemeTemplateCollectionViewCell.swift */ = {isa = PBXFileReference; lastKnownFileType = sourcecode.swift; path = MemeTemplateCollectionViewCell.swift; sourceTree = "<group>"; };
		892B1F042619FA8900329B0A /* UIViewController+addStatusBarBlur.swift */ = {isa = PBXFileReference; lastKnownFileType = sourcecode.swift; path = "UIViewController+addStatusBarBlur.swift"; sourceTree = "<group>"; };
		892B1F0A261A22D100329B0A /* FitImageContainer.swift */ = {isa = PBXFileReference; lastKnownFileType = sourcecode.swift; path = FitImageContainer.swift; sourceTree = "<group>"; };
		892B1F1F261A6A2100329B0A /* EditorOutput.swift */ = {isa = PBXFileReference; fileEncoding = 4; lastKnownFileType = sourcecode.swift; path = EditorOutput.swift; sourceTree = "<group>"; };
		892B1F21261A6A2100329B0A /* EditorViewModel.swift */ = {isa = PBXFileReference; fileEncoding = 4; lastKnownFileType = sourcecode.swift; path = EditorViewModel.swift; sourceTree = "<group>"; };
		892B1F22261A6A2100329B0A /* EditorViewModelProtocol.swift */ = {isa = PBXFileReference; fileEncoding = 4; lastKnownFileType = sourcecode.swift; path = EditorViewModelProtocol.swift; sourceTree = "<group>"; };
		892B1F24261A6A2100329B0A /* EditorCoordinator.swift */ = {isa = PBXFileReference; fileEncoding = 4; lastKnownFileType = sourcecode.swift; path = EditorCoordinator.swift; sourceTree = "<group>"; };
		892B1F25261A6A2100329B0A /* EditorCoordinatorProtocol.swift */ = {isa = PBXFileReference; fileEncoding = 4; lastKnownFileType = sourcecode.swift; path = EditorCoordinatorProtocol.swift; sourceTree = "<group>"; };
		892B1F26261A6A2100329B0A /* EditorInput.swift */ = {isa = PBXFileReference; fileEncoding = 4; lastKnownFileType = sourcecode.swift; path = EditorInput.swift; sourceTree = "<group>"; };
		892B1F28261A6A2100329B0A /* EditorView.swift */ = {isa = PBXFileReference; fileEncoding = 4; lastKnownFileType = sourcecode.swift; path = EditorView.swift; sourceTree = "<group>"; };
		892B1F29261A6A2100329B0A /* EditorViewController.swift */ = {isa = PBXFileReference; fileEncoding = 4; lastKnownFileType = sourcecode.swift; path = EditorViewController.swift; sourceTree = "<group>"; };
		892B1F3E261A752300329B0A /* MemeTemplates.swift */ = {isa = PBXFileReference; fileEncoding = 4; lastKnownFileType = sourcecode.swift; path = MemeTemplates.swift; sourceTree = "<group>"; };
		892B1F43261A77AF00329B0A /* AssetsManager.swift */ = {isa = PBXFileReference; fileEncoding = 4; lastKnownFileType = sourcecode.swift; path = AssetsManager.swift; sourceTree = "<group>"; };
		892B1F44261A77AF00329B0A /* AssetsManagerProtocol.swift */ = {isa = PBXFileReference; fileEncoding = 4; lastKnownFileType = sourcecode.swift; path = AssetsManagerProtocol.swift; sourceTree = "<group>"; };
		892B1F45261A77AF00329B0A /* PHAssetsManager.swift */ = {isa = PBXFileReference; fileEncoding = 4; lastKnownFileType = sourcecode.swift; path = PHAssetsManager.swift; sourceTree = "<group>"; };
		892B1F46261A77AF00329B0A /* DKAssetsManager.swift */ = {isa = PBXFileReference; fileEncoding = 4; lastKnownFileType = sourcecode.swift; path = DKAssetsManager.swift; sourceTree = "<group>"; };
		892B1F48261A77AF00329B0A /* AssetsManagerErrors.swift */ = {isa = PBXFileReference; fileEncoding = 4; lastKnownFileType = sourcecode.swift; path = AssetsManagerErrors.swift; sourceTree = "<group>"; };
		892B1F49261A77AF00329B0A /* PHAsset+ImageAssetProtocol.swift */ = {isa = PBXFileReference; fileEncoding = 4; lastKnownFileType = sourcecode.swift; path = "PHAsset+ImageAssetProtocol.swift"; sourceTree = "<group>"; };
		892B1F4A261A77AF00329B0A /* AssetsManagerTypealiases.swift */ = {isa = PBXFileReference; fileEncoding = 4; lastKnownFileType = sourcecode.swift; path = AssetsManagerTypealiases.swift; sourceTree = "<group>"; };
		892B1F4B261A77AF00329B0A /* PHPickerResult+ImageAssetProtocol.swift */ = {isa = PBXFileReference; fileEncoding = 4; lastKnownFileType = sourcecode.swift; path = "PHPickerResult+ImageAssetProtocol.swift"; sourceTree = "<group>"; };
		892B1F4D261A77AF00329B0A /* ImageAssetProtocol.swift */ = {isa = PBXFileReference; fileEncoding = 4; lastKnownFileType = sourcecode.swift; path = ImageAssetProtocol.swift; sourceTree = "<group>"; };
		892B1F80261D2AA100329B0A /* SKProduct+localizedPrice.swift */ = {isa = PBXFileReference; fileEncoding = 4; lastKnownFileType = sourcecode.swift; path = "SKProduct+localizedPrice.swift"; sourceTree = "<group>"; };
		892B1F81261D2AA100329B0A /* UserDefaults+color.swift */ = {isa = PBXFileReference; fileEncoding = 4; lastKnownFileType = sourcecode.swift; path = "UserDefaults+color.swift"; sourceTree = "<group>"; };
		892B1F82261D2AA100329B0A /* Array+weakObjects.swift */ = {isa = PBXFileReference; fileEncoding = 4; lastKnownFileType = sourcecode.swift; path = "Array+weakObjects.swift"; sourceTree = "<group>"; };
		892B1F83261D2AA100329B0A /* Bundle+info.swift */ = {isa = PBXFileReference; fileEncoding = 4; lastKnownFileType = sourcecode.swift; path = "Bundle+info.swift"; sourceTree = "<group>"; };
		892B1F84261D2AA100329B0A /* Array+safeIndex.swift */ = {isa = PBXFileReference; fileEncoding = 4; lastKnownFileType = sourcecode.swift; path = "Array+safeIndex.swift"; sourceTree = "<group>"; };
		892B1F85261D2AA100329B0A /* String+capitalizingFirstLetter.swift */ = {isa = PBXFileReference; fileEncoding = 4; lastKnownFileType = sourcecode.swift; path = "String+capitalizingFirstLetter.swift"; sourceTree = "<group>"; };
		892B1FB3261D2F4700329B0A /* CACornerMask+typealias.swift */ = {isa = PBXFileReference; fileEncoding = 4; lastKnownFileType = sourcecode.swift; path = "CACornerMask+typealias.swift"; sourceTree = "<group>"; };
		892B1FE1261D3E6F00329B0A /* UIView+snapshot.swift */ = {isa = PBXFileReference; lastKnownFileType = sourcecode.swift; path = "UIView+snapshot.swift"; sourceTree = "<group>"; };
		892B202F261E9F3000329B0A /* TextEditorViewModel.swift */ = {isa = PBXFileReference; fileEncoding = 4; lastKnownFileType = sourcecode.swift; path = TextEditorViewModel.swift; sourceTree = "<group>"; };
		892B2030261E9F3000329B0A /* TextEditorViewModelProtocol.swift */ = {isa = PBXFileReference; fileEncoding = 4; lastKnownFileType = sourcecode.swift; path = TextEditorViewModelProtocol.swift; sourceTree = "<group>"; };
		892B2032261E9F3000329B0A /* TextEditorCoordinator.swift */ = {isa = PBXFileReference; fileEncoding = 4; lastKnownFileType = sourcecode.swift; path = TextEditorCoordinator.swift; sourceTree = "<group>"; };
		892B2033261E9F3000329B0A /* TextEditorCoordinatorProtocol.swift */ = {isa = PBXFileReference; fileEncoding = 4; lastKnownFileType = sourcecode.swift; path = TextEditorCoordinatorProtocol.swift; sourceTree = "<group>"; };
		892B2034261E9F3000329B0A /* TextEditorOutput.swift */ = {isa = PBXFileReference; fileEncoding = 4; lastKnownFileType = sourcecode.swift; path = TextEditorOutput.swift; sourceTree = "<group>"; };
		892B2036261E9F3000329B0A /* TextEditorViewController.swift */ = {isa = PBXFileReference; fileEncoding = 4; lastKnownFileType = sourcecode.swift; path = TextEditorViewController.swift; sourceTree = "<group>"; };
		892B2037261E9F3000329B0A /* TextEditorView.swift */ = {isa = PBXFileReference; fileEncoding = 4; lastKnownFileType = sourcecode.swift; path = TextEditorView.swift; sourceTree = "<group>"; };
		892B2038261E9F3000329B0A /* TextEditorInput.swift */ = {isa = PBXFileReference; fileEncoding = 4; lastKnownFileType = sourcecode.swift; path = TextEditorInput.swift; sourceTree = "<group>"; };
		892B2045261EBB9C00329B0A /* TextOptionsView.swift */ = {isa = PBXFileReference; lastKnownFileType = sourcecode.swift; path = TextOptionsView.swift; sourceTree = "<group>"; };
		892B205D261EC02600329B0A /* UIView+copyView.swift */ = {isa = PBXFileReference; lastKnownFileType = sourcecode.swift; path = "UIView+copyView.swift"; sourceTree = "<group>"; };
		892B2061261ED7EB00329B0A /* ColorOptionsView.swift */ = {isa = PBXFileReference; lastKnownFileType = sourcecode.swift; path = ColorOptionsView.swift; sourceTree = "<group>"; };
		892B2065261EDF6D00329B0A /* ShapeOptionsView.swift */ = {isa = PBXFileReference; lastKnownFileType = sourcecode.swift; path = ShapeOptionsView.swift; sourceTree = "<group>"; };
		892B206D261EEC2100329B0A /* DragableLabelView.swift */ = {isa = PBXFileReference; fileEncoding = 4; lastKnownFileType = sourcecode.swift; path = DragableLabelView.swift; sourceTree = "<group>"; };
		8940644926122B7600DC682F /* CustomPatchEncoding.swift */ = {isa = PBXFileReference; fileEncoding = 4; lastKnownFileType = sourcecode.swift; path = CustomPatchEncoding.swift; sourceTree = "<group>"; };
		8940644A26122B7600DC682F /* CustomArrayEncoding.swift */ = {isa = PBXFileReference; fileEncoding = 4; lastKnownFileType = sourcecode.swift; path = CustomArrayEncoding.swift; sourceTree = "<group>"; };
		8940644B26122B7600DC682F /* DataParser.swift */ = {isa = PBXFileReference; fileEncoding = 4; lastKnownFileType = sourcecode.swift; path = DataParser.swift; sourceTree = "<group>"; };
		8940644C26122B7600DC682F /* NetworkService.swift */ = {isa = PBXFileReference; fileEncoding = 4; lastKnownFileType = sourcecode.swift; path = NetworkService.swift; sourceTree = "<group>"; };
		8940644E26122B7600DC682F /* NetworkErrors.swift */ = {isa = PBXFileReference; fileEncoding = 4; lastKnownFileType = sourcecode.swift; path = NetworkErrors.swift; sourceTree = "<group>"; };
		8940644F26122B7600DC682F /* DataRequestExecutable.swift */ = {isa = PBXFileReference; fileEncoding = 4; lastKnownFileType = sourcecode.swift; path = DataRequestExecutable.swift; sourceTree = "<group>"; };
		8940645026122B7600DC682F /* CompletionTypealiasesDefault.swift */ = {isa = PBXFileReference; fileEncoding = 4; lastKnownFileType = sourcecode.swift; path = CompletionTypealiasesDefault.swift; sourceTree = "<group>"; };
		894064A126122D0100DC682F /* UserStoriesModulesAccounting.swift */ = {isa = PBXFileReference; fileEncoding = 4; lastKnownFileType = sourcecode.swift; path = UserStoriesModulesAccounting.swift; sourceTree = SOURCE_ROOT; };
		894064B32612308800DC682F /* AlertManager.swift */ = {isa = PBXFileReference; fileEncoding = 4; lastKnownFileType = sourcecode.swift; path = AlertManager.swift; sourceTree = "<group>"; };
		894064B52612308800DC682F /* ColorPickerView.swift */ = {isa = PBXFileReference; fileEncoding = 4; lastKnownFileType = sourcecode.swift; path = ColorPickerView.swift; sourceTree = "<group>"; };
		894064B62612308800DC682F /* PickerViewManager.swift */ = {isa = PBXFileReference; fileEncoding = 4; lastKnownFileType = sourcecode.swift; path = PickerViewManager.swift; sourceTree = "<group>"; };
		894064B82612308800DC682F /* UIView+TapAnimation.swift */ = {isa = PBXFileReference; fileEncoding = 4; lastKnownFileType = sourcecode.swift; path = "UIView+TapAnimation.swift"; sourceTree = "<group>"; };
		894064B92612308800DC682F /* UIView+layerAnimation.swift */ = {isa = PBXFileReference; fileEncoding = 4; lastKnownFileType = sourcecode.swift; path = "UIView+layerAnimation.swift"; sourceTree = "<group>"; };
		894064BA2612308800DC682F /* UIView+RoundedCorners.swift */ = {isa = PBXFileReference; fileEncoding = 4; lastKnownFileType = sourcecode.swift; path = "UIView+RoundedCorners.swift"; sourceTree = "<group>"; };
		894064BB2612308800DC682F /* UIViewController+Keyboard.swift */ = {isa = PBXFileReference; fileEncoding = 4; lastKnownFileType = sourcecode.swift; path = "UIViewController+Keyboard.swift"; sourceTree = "<group>"; };
		894064BC2612308800DC682F /* UIImageView+setDefaultLoadingInicator.swift */ = {isa = PBXFileReference; fileEncoding = 4; lastKnownFileType = sourcecode.swift; path = "UIImageView+setDefaultLoadingInicator.swift"; sourceTree = "<group>"; };
		894064BD2612308800DC682F /* UIViewController+addChildViewControllerToView.swift */ = {isa = PBXFileReference; fileEncoding = 4; lastKnownFileType = sourcecode.swift; path = "UIViewController+addChildViewControllerToView.swift"; sourceTree = "<group>"; };
		894064BF2612308800DC682F /* String+SizeCalculator.swift */ = {isa = PBXFileReference; fileEncoding = 4; lastKnownFileType = sourcecode.swift; path = "String+SizeCalculator.swift"; sourceTree = "<group>"; };
		894064C02612308800DC682F /* UIImage+overlayedColor.swift */ = {isa = PBXFileReference; fileEncoding = 4; lastKnownFileType = sourcecode.swift; path = "UIImage+overlayedColor.swift"; sourceTree = "<group>"; };
		894064C12612308800DC682F /* UIImage+merge.swift */ = {isa = PBXFileReference; fileEncoding = 4; lastKnownFileType = sourcecode.swift; path = "UIImage+merge.swift"; sourceTree = "<group>"; };
		894064C22612308800DC682F /* UIView+shake.swift */ = {isa = PBXFileReference; fileEncoding = 4; lastKnownFileType = sourcecode.swift; path = "UIView+shake.swift"; sourceTree = "<group>"; };
		894064C32612308800DC682F /* UIColor+rgba.swift */ = {isa = PBXFileReference; fileEncoding = 4; lastKnownFileType = sourcecode.swift; path = "UIColor+rgba.swift"; sourceTree = "<group>"; };
		894064C42612308800DC682F /* UIScrollView+ScrollToBottom.swift */ = {isa = PBXFileReference; fileEncoding = 4; lastKnownFileType = sourcecode.swift; path = "UIScrollView+ScrollToBottom.swift"; sourceTree = "<group>"; };
		894064C52612308800DC682F /* UITextField+placeholderPadding.swift */ = {isa = PBXFileReference; fileEncoding = 4; lastKnownFileType = sourcecode.swift; path = "UITextField+placeholderPadding.swift"; sourceTree = "<group>"; };
		894064C62612308800DC682F /* UIStyleManager.swift */ = {isa = PBXFileReference; fileEncoding = 4; lastKnownFileType = sourcecode.swift; path = UIStyleManager.swift; sourceTree = "<group>"; };
		894064C92612308800DC682F /* ModuleTransitionHandler.swift */ = {isa = PBXFileReference; fileEncoding = 4; lastKnownFileType = sourcecode.swift; path = ModuleTransitionHandler.swift; sourceTree = "<group>"; };
		894064CA2612308800DC682F /* UIViewController+ModuleTransitionHandler.swift */ = {isa = PBXFileReference; fileEncoding = 4; lastKnownFileType = sourcecode.swift; path = "UIViewController+ModuleTransitionHandler.swift"; sourceTree = "<group>"; };
		894064CB2612308800DC682F /* DefaultCoordinator.swift */ = {isa = PBXFileReference; fileEncoding = 4; lastKnownFileType = sourcecode.swift; path = DefaultCoordinator.swift; sourceTree = "<group>"; };
		894064CD2612308800DC682F /* LimitatableTextView.swift */ = {isa = PBXFileReference; fileEncoding = 4; lastKnownFileType = sourcecode.swift; path = LimitatableTextView.swift; sourceTree = "<group>"; };
		894064CE2612308800DC682F /* PaddingLabel.swift */ = {isa = PBXFileReference; fileEncoding = 4; lastKnownFileType = sourcecode.swift; path = PaddingLabel.swift; sourceTree = "<group>"; };
		894064CF2612308800DC682F /* AnnouncementViewController.swift */ = {isa = PBXFileReference; fileEncoding = 4; lastKnownFileType = sourcecode.swift; path = AnnouncementViewController.swift; sourceTree = "<group>"; };
		894064D12612308800DC682F /* LabelsSegmentedControl.swift */ = {isa = PBXFileReference; fileEncoding = 4; lastKnownFileType = sourcecode.swift; path = LabelsSegmentedControl.swift; sourceTree = "<group>"; };
		894064D22612308800DC682F /* SegmentedControl.swift */ = {isa = PBXFileReference; fileEncoding = 4; lastKnownFileType = sourcecode.swift; path = SegmentedControl.swift; sourceTree = "<group>"; };
		894064D32612308800DC682F /* ScrollMovingUpManagerForUIControl.swift */ = {isa = PBXFileReference; fileEncoding = 4; lastKnownFileType = sourcecode.swift; path = ScrollMovingUpManagerForUIControl.swift; sourceTree = "<group>"; };
		894064D42612308800DC682F /* ArrowDownButton.swift */ = {isa = PBXFileReference; fileEncoding = 4; lastKnownFileType = sourcecode.swift; path = ArrowDownButton.swift; sourceTree = "<group>"; };
		894064D52612308800DC682F /* ContentFittingTableView.swift */ = {isa = PBXFileReference; fileEncoding = 4; lastKnownFileType = sourcecode.swift; path = ContentFittingTableView.swift; sourceTree = "<group>"; };
		894064D62612308800DC682F /* TouchClearUIComponents.swift */ = {isa = PBXFileReference; fileEncoding = 4; lastKnownFileType = sourcecode.swift; path = TouchClearUIComponents.swift; sourceTree = "<group>"; };
		894064D72612308800DC682F /* ButtonWithTouchSize.swift */ = {isa = PBXFileReference; fileEncoding = 4; lastKnownFileType = sourcecode.swift; path = ButtonWithTouchSize.swift; sourceTree = "<group>"; };
		8940651F2612327B00DC682F /* LoadingViewModelProtocol.swift */ = {isa = PBXFileReference; fileEncoding = 4; lastKnownFileType = sourcecode.swift; path = LoadingViewModelProtocol.swift; sourceTree = "<group>"; };
		894065202612327B00DC682F /* LoadingViewModel.swift */ = {isa = PBXFileReference; fileEncoding = 4; lastKnownFileType = sourcecode.swift; path = LoadingViewModel.swift; sourceTree = "<group>"; };
		894065212612327B00DC682F /* LoadingOutput.swift */ = {isa = PBXFileReference; fileEncoding = 4; lastKnownFileType = sourcecode.swift; path = LoadingOutput.swift; sourceTree = "<group>"; };
		894065232612327B00DC682F /* LoadingCoordinator.swift */ = {isa = PBXFileReference; fileEncoding = 4; lastKnownFileType = sourcecode.swift; path = LoadingCoordinator.swift; sourceTree = "<group>"; };
		894065242612327B00DC682F /* LoadingCoordinatorProtocol.swift */ = {isa = PBXFileReference; fileEncoding = 4; lastKnownFileType = sourcecode.swift; path = LoadingCoordinatorProtocol.swift; sourceTree = "<group>"; };
		894065262612327B00DC682F /* LoadingView.swift */ = {isa = PBXFileReference; fileEncoding = 4; lastKnownFileType = sourcecode.swift; path = LoadingView.swift; sourceTree = "<group>"; };
		894065272612327B00DC682F /* LoadingViewController.swift */ = {isa = PBXFileReference; fileEncoding = 4; lastKnownFileType = sourcecode.swift; path = LoadingViewController.swift; sourceTree = "<group>"; };
		894065282612327B00DC682F /* LoadingInput.swift */ = {isa = PBXFileReference; fileEncoding = 4; lastKnownFileType = sourcecode.swift; path = LoadingInput.swift; sourceTree = "<group>"; };
		894065D626131BEF00DC682F /* en */ = {isa = PBXFileReference; lastKnownFileType = text.plist.strings; name = en; path = en.lproj/Localizable.strings; sourceTree = "<group>"; };
		894065DC26131C0E00DC682F /* ru */ = {isa = PBXFileReference; lastKnownFileType = text.plist.strings; name = ru; path = ru.lproj/Localizable.strings; sourceTree = "<group>"; };
		894065E5261328E100DC682F /* Gilroy-Regular.ttf */ = {isa = PBXFileReference; lastKnownFileType = file; path = "Gilroy-Regular.ttf"; sourceTree = "<group>"; };
		894065E6261328E100DC682F /* Gilroy-Light.ttf */ = {isa = PBXFileReference; lastKnownFileType = file; path = "Gilroy-Light.ttf"; sourceTree = "<group>"; };
		894065E7261328E100DC682F /* Gilroy-Semibold.ttf */ = {isa = PBXFileReference; lastKnownFileType = file; path = "Gilroy-Semibold.ttf"; sourceTree = "<group>"; };
		894065E8261328E100DC682F /* Gilroy-Bold.ttf */ = {isa = PBXFileReference; lastKnownFileType = file; path = "Gilroy-Bold.ttf"; sourceTree = "<group>"; };
		897FC3D8261690DC002352E7 /* UIViewController+alert.swift */ = {isa = PBXFileReference; fileEncoding = 4; lastKnownFileType = sourcecode.swift; path = "UIViewController+alert.swift"; sourceTree = "<group>"; };
		89DD264A25DC9F0000AD2868 /* R.generated.swift */ = {isa = PBXFileReference; fileEncoding = 4; lastKnownFileType = sourcecode.swift; path = R.generated.swift; sourceTree = SOURCE_ROOT; };
		89DD277025DCFB2C00AD2868 /* Images.xcassets */ = {isa = PBXFileReference; lastKnownFileType = folder.assetcatalog; path = Images.xcassets; sourceTree = "<group>"; };
		89DD277125DCFB2C00AD2868 /* Colors.xcassets */ = {isa = PBXFileReference; lastKnownFileType = folder.assetcatalog; path = Colors.xcassets; sourceTree = "<group>"; };
		89F00A312542E16200D482F6 /* UIConstants.swift */ = {isa = PBXFileReference; fileEncoding = 4; lastKnownFileType = sourcecode.swift; path = UIConstants.swift; sourceTree = "<group>"; };
		89F00A4D2542E16200D482F6 /* AppRouter.swift */ = {isa = PBXFileReference; fileEncoding = 4; lastKnownFileType = sourcecode.swift; path = AppRouter.swift; sourceTree = "<group>"; };
		89F00A4E2542E16200D482F6 /* MainAppRouter.swift */ = {isa = PBXFileReference; fileEncoding = 4; lastKnownFileType = sourcecode.swift; path = MainAppRouter.swift; sourceTree = "<group>"; };
		89F00A502542E16200D482F6 /* ApplicationAssembly.swift */ = {isa = PBXFileReference; fileEncoding = 4; lastKnownFileType = sourcecode.swift; path = ApplicationAssembly.swift; sourceTree = "<group>"; };
		89F00A522542E16200D482F6 /* AppDelegate.swift */ = {isa = PBXFileReference; fileEncoding = 4; lastKnownFileType = sourcecode.swift; path = AppDelegate.swift; sourceTree = "<group>"; };
		89F00A532542E16200D482F6 /* SceneDelegate.swift */ = {isa = PBXFileReference; fileEncoding = 4; lastKnownFileType = sourcecode.swift; path = SceneDelegate.swift; sourceTree = "<group>"; };
		AA50F899D423B5FD91BAA4EB /* Pods-MemeMakerTests.debug.xcconfig */ = {isa = PBXFileReference; includeInIndex = 1; lastKnownFileType = text.xcconfig; name = "Pods-MemeMakerTests.debug.xcconfig"; path = "Target Support Files/Pods-MemeMakerTests/Pods-MemeMakerTests.debug.xcconfig"; sourceTree = "<group>"; };
		C478B2B98E37F18BAC093DAF /* Info.plist */ = {isa = PBXFileReference; lastKnownFileType = text.plist; path = Info.plist; sourceTree = "<group>"; };
		EEE75E08BB0BFE44AD9046BF /* MemeMakerTests.xctest */ = {isa = PBXFileReference; includeInIndex = 0; lastKnownFileType = wrapper.cfbundle; path = MemeMakerTests.xctest; sourceTree = BUILT_PRODUCTS_DIR; };
		F1A97D24E1314BC504A0C8C1 /* Pods-MemeMaker.debug.xcconfig */ = {isa = PBXFileReference; includeInIndex = 1; lastKnownFileType = text.xcconfig; name = "Pods-MemeMaker.debug.xcconfig"; path = "Target Support Files/Pods-MemeMaker/Pods-MemeMaker.debug.xcconfig"; sourceTree = "<group>"; };
		FC03FAC3E2653A0CFEC93FAC /* Pods_MemeMaker.framework */ = {isa = PBXFileReference; explicitFileType = wrapper.framework; includeInIndex = 0; path = Pods_MemeMaker.framework; sourceTree = BUILT_PRODUCTS_DIR; };
/* End PBXFileReference section */

/* Begin PBXFrameworksBuildPhase section */
		7478DEDB8AECFAF87192499D /* Frameworks */ = {
			isa = PBXFrameworksBuildPhase;
			buildActionMask = 2147483647;
			files = (
				DF1A54BB3CC6F77FD5C75172 /* Pods_MemeMaker.framework in Frameworks */,
			);
			runOnlyForDeploymentPostprocessing = 0;
		};
		7F2980338B9D119CAB09B8C1 /* Frameworks */ = {
			isa = PBXFrameworksBuildPhase;
			buildActionMask = 2147483647;
			files = (
				5971D5A0C26A1DA07F69DC45 /* Pods_MemeMakerTests.framework in Frameworks */,
			);
			runOnlyForDeploymentPostprocessing = 0;
		};
/* End PBXFrameworksBuildPhase section */

/* Begin PBXGroup section */
		14C2D716C612A8B8DF04419A /* SupportingFiles */ = {
			isa = PBXGroup;
			children = (
				240AD6606BA5E08F0FCDD542 /* Info.plist */,
			);
			path = SupportingFiles;
			sourceTree = "<group>";
		};
		2D811B011AE37375148A3EEC /* Pods */ = {
			isa = PBXGroup;
			children = (
				0178F67D52AB8FF4AD0D9547 /* Pods-MemeMaker.adhoc.xcconfig */,
				F1A97D24E1314BC504A0C8C1 /* Pods-MemeMaker.debug.xcconfig */,
				678DC1594F1721FA4DC5EFE5 /* Pods-MemeMaker.release.xcconfig */,
				22AAFD8077F8A855F8057D82 /* Pods-MemeMakerTests.adhoc.xcconfig */,
				AA50F899D423B5FD91BAA4EB /* Pods-MemeMakerTests.debug.xcconfig */,
				6438099CA5B29E430834CBCF /* Pods-MemeMakerTests.release.xcconfig */,
			);
			path = Pods;
			sourceTree = "<group>";
		};
		54CB4447D3D119E3FA6C02E9 /* MemeMakerTests */ = {
			isa = PBXGroup;
			children = (
				3DD759F9CD9B9E514B4B37AE /* MemeMakerUnitTest.swift */,
				14C2D716C612A8B8DF04419A /* SupportingFiles */,
			);
			path = MemeMakerTests;
			sourceTree = "<group>";
		};
		6B4884D602E5C43ABE519B8B = {
			isa = PBXGroup;
			children = (
				7DE24187D33E7237A73F2FC5 /* MemeMaker */,
				54CB4447D3D119E3FA6C02E9 /* MemeMakerTests */,
				B1CB0A8201D37F8F7E3207CE /* Products */,
				2D811B011AE37375148A3EEC /* Pods */,
				D0B3612EACCC6D6A80AA8188 /* Frameworks */,
			);
			indentWidth = 4;
			sourceTree = "<group>";
			usesTabs = 0;
		};
		7DE24187D33E7237A73F2FC5 /* MemeMaker */ = {
			isa = PBXGroup;
			children = (
				89F00A4A2542E16200D482F6 /* ApplicationLayer */,
				8940644626122B7600DC682F /* CoreLayer */,
				89F00A3A2542E16200D482F6 /* BusinessLogicLayer */,
				89F00A542542E16200D482F6 /* ModelsLayer */,
				89F00A582542E16200D482F6 /* PresentationLayer */,
				89F00A302542E16200D482F6 /* Constants */,
				892B1F7F261D2AA100329B0A /* Extensions */,
				83F30FBA998ECC429BAFB13D /* Resources */,
				AA79B48E92F24FB535E09EA5 /* SupportingFiles */,
			);
			path = MemeMaker;
			sourceTree = "<group>";
		};
		83F30FBA998ECC429BAFB13D /* Resources */ = {
			isa = PBXGroup;
			children = (
				894065E3261328E100DC682F /* Fonts */,
				2570060E24CFB9F4D9889256 /* LaunchScreen.storyboard */,
				89DD277125DCFB2C00AD2868 /* Colors.xcassets */,
				89DD277025DCFB2C00AD2868 /* Images.xcassets */,
				89DD264A25DC9F0000AD2868 /* R.generated.swift */,
				894065D526131BEE00DC682F /* Localizable.strings */,
			);
			path = Resources;
			sourceTree = "<group>";
		};
		892B1EDC26181A2C00329B0A /* Templates */ = {
			isa = PBXGroup;
			children = (
				892B1EE326181A2C00329B0A /* TemplatesOutput.swift */,
				892B1EE726181A2C00329B0A /* TemplatesInput.swift */,
				892B1EE026181A2C00329B0A /* Coordinator */,
				892B1EDD26181A2C00329B0A /* ViewModel */,
				892B1EE426181A2C00329B0A /* View */,
			);
			path = Templates;
			sourceTree = "<group>";
		};
		892B1EDD26181A2C00329B0A /* ViewModel */ = {
			isa = PBXGroup;
			children = (
				892B1EDE26181A2C00329B0A /* TemplatesViewModel.swift */,
				892B1EDF26181A2C00329B0A /* TemplatesViewModelProtocol.swift */,
			);
			path = ViewModel;
			sourceTree = "<group>";
		};
		892B1EE026181A2C00329B0A /* Coordinator */ = {
			isa = PBXGroup;
			children = (
				892B1EE126181A2C00329B0A /* TemplatesCoordinator.swift */,
				892B1EE226181A2C00329B0A /* TemplatesCoordinatorProtocol.swift */,
			);
			path = Coordinator;
			sourceTree = "<group>";
		};
		892B1EE426181A2C00329B0A /* View */ = {
			isa = PBXGroup;
			children = (
				892B1EE626181A2C00329B0A /* TemplatesViewController.swift */,
				892B1EE526181A2C00329B0A /* TemplatesView.swift */,
				892B1EF42619EF4200329B0A /* MemeTemplateCollectionViewCell.swift */,
			);
			path = View;
			sourceTree = "<group>";
		};
		892B1F1E261A6A2100329B0A /* Editor */ = {
			isa = PBXGroup;
			children = (
				892B1F26261A6A2100329B0A /* EditorInput.swift */,
				892B1F1F261A6A2100329B0A /* EditorOutput.swift */,
				892B1F20261A6A2100329B0A /* ViewModel */,
				892B1F23261A6A2100329B0A /* Coordinator */,
				892B1F27261A6A2100329B0A /* View */,
			);
			path = Editor;
			sourceTree = "<group>";
		};
		892B1F20261A6A2100329B0A /* ViewModel */ = {
			isa = PBXGroup;
			children = (
				892B1F22261A6A2100329B0A /* EditorViewModelProtocol.swift */,
				892B1F21261A6A2100329B0A /* EditorViewModel.swift */,
			);
			path = ViewModel;
			sourceTree = "<group>";
		};
		892B1F23261A6A2100329B0A /* Coordinator */ = {
			isa = PBXGroup;
			children = (
				892B1F24261A6A2100329B0A /* EditorCoordinator.swift */,
				892B1F25261A6A2100329B0A /* EditorCoordinatorProtocol.swift */,
			);
			path = Coordinator;
			sourceTree = "<group>";
		};
		892B1F27261A6A2100329B0A /* View */ = {
			isa = PBXGroup;
			children = (
				892B1F29261A6A2100329B0A /* EditorViewController.swift */,
				892B1F28261A6A2100329B0A /* EditorView.swift */,
				892B206D261EEC2100329B0A /* DragableLabelView.swift */,
				892B2045261EBB9C00329B0A /* TextOptionsView.swift */,
				892B2061261ED7EB00329B0A /* ColorOptionsView.swift */,
				892B2065261EDF6D00329B0A /* ShapeOptionsView.swift */,
			);
			path = View;
			sourceTree = "<group>";
		};
		892B1F42261A77AF00329B0A /* AssetsManager */ = {
			isa = PBXGroup;
			children = (
				892B1F43261A77AF00329B0A /* AssetsManager.swift */,
				892B1F44261A77AF00329B0A /* AssetsManagerProtocol.swift */,
				892B1F45261A77AF00329B0A /* PHAssetsManager.swift */,
				892B1F46261A77AF00329B0A /* DKAssetsManager.swift */,
				892B1F47261A77AF00329B0A /* Utils */,
				892B1F4C261A77AF00329B0A /* Entities */,
			);
			path = AssetsManager;
			sourceTree = "<group>";
		};
		892B1F47261A77AF00329B0A /* Utils */ = {
			isa = PBXGroup;
			children = (
				892B1F48261A77AF00329B0A /* AssetsManagerErrors.swift */,
				892B1F49261A77AF00329B0A /* PHAsset+ImageAssetProtocol.swift */,
				892B1F4A261A77AF00329B0A /* AssetsManagerTypealiases.swift */,
				892B1F4B261A77AF00329B0A /* PHPickerResult+ImageAssetProtocol.swift */,
			);
			path = Utils;
			sourceTree = "<group>";
		};
		892B1F4C261A77AF00329B0A /* Entities */ = {
			isa = PBXGroup;
			children = (
				892B1F4D261A77AF00329B0A /* ImageAssetProtocol.swift */,
			);
			path = Entities;
			sourceTree = "<group>";
		};
		892B1F7F261D2AA100329B0A /* Extensions */ = {
			isa = PBXGroup;
			children = (
				892B1F80261D2AA100329B0A /* SKProduct+localizedPrice.swift */,
				892B1F81261D2AA100329B0A /* UserDefaults+color.swift */,
				892B1F82261D2AA100329B0A /* Array+weakObjects.swift */,
				892B1F83261D2AA100329B0A /* Bundle+info.swift */,
				892B1F84261D2AA100329B0A /* Array+safeIndex.swift */,
				892B1F85261D2AA100329B0A /* String+capitalizingFirstLetter.swift */,
			);
			path = Extensions;
			sourceTree = "<group>";
		};
		892B202D261E9F3000329B0A /* TextEditor */ = {
			isa = PBXGroup;
			children = (
				892B2034261E9F3000329B0A /* TextEditorOutput.swift */,
				892B2038261E9F3000329B0A /* TextEditorInput.swift */,
				892B202E261E9F3000329B0A /* ViewModel */,
				892B2031261E9F3000329B0A /* Coordinator */,
				892B2035261E9F3000329B0A /* View */,
			);
			path = TextEditor;
			sourceTree = "<group>";
		};
		892B202E261E9F3000329B0A /* ViewModel */ = {
			isa = PBXGroup;
			children = (
				892B202F261E9F3000329B0A /* TextEditorViewModel.swift */,
				892B2030261E9F3000329B0A /* TextEditorViewModelProtocol.swift */,
			);
			path = ViewModel;
			sourceTree = "<group>";
		};
		892B2031261E9F3000329B0A /* Coordinator */ = {
			isa = PBXGroup;
			children = (
				892B2032261E9F3000329B0A /* TextEditorCoordinator.swift */,
				892B2033261E9F3000329B0A /* TextEditorCoordinatorProtocol.swift */,
			);
			path = Coordinator;
			sourceTree = "<group>";
		};
		892B2035261E9F3000329B0A /* View */ = {
			isa = PBXGroup;
			children = (
				892B2036261E9F3000329B0A /* TextEditorViewController.swift */,
				892B2037261E9F3000329B0A /* TextEditorView.swift */,
			);
			path = View;
			sourceTree = "<group>";
		};
		8940644626122B7600DC682F /* CoreLayer */ = {
			isa = PBXGroup;
			children = (
				8940644726122B7600DC682F /* NetworkService */,
			);
			path = CoreLayer;
			sourceTree = "<group>";
		};
		8940644726122B7600DC682F /* NetworkService */ = {
			isa = PBXGroup;
			children = (
				8940644C26122B7600DC682F /* NetworkService.swift */,
				8940644826122B7600DC682F /* Utils */,
				8940644D26122B7600DC682F /* Entities */,
			);
			path = NetworkService;
			sourceTree = "<group>";
		};
		8940644826122B7600DC682F /* Utils */ = {
			isa = PBXGroup;
			children = (
				8940644926122B7600DC682F /* CustomPatchEncoding.swift */,
				8940644A26122B7600DC682F /* CustomArrayEncoding.swift */,
				8940644B26122B7600DC682F /* DataParser.swift */,
			);
			path = Utils;
			sourceTree = "<group>";
		};
		8940644D26122B7600DC682F /* Entities */ = {
			isa = PBXGroup;
			children = (
				8940644E26122B7600DC682F /* NetworkErrors.swift */,
				8940644F26122B7600DC682F /* DataRequestExecutable.swift */,
				8940645026122B7600DC682F /* CompletionTypealiasesDefault.swift */,
			);
			path = Entities;
			sourceTree = "<group>";
		};
		894064B12612308800DC682F /* Common */ = {
			isa = PBXGroup;
			children = (
				894064C62612308800DC682F /* UIStyleManager.swift */,
				894064C72612308800DC682F /* ModuleBaseClasses */,
				894064B22612308800DC682F /* AlertManager */,
				894064B72612308800DC682F /* UIExtensions */,
				894064CC2612308800DC682F /* UIElements */,
			);
			path = Common;
			sourceTree = "<group>";
		};
		894064B22612308800DC682F /* AlertManager */ = {
			isa = PBXGroup;
			children = (
				894064B32612308800DC682F /* AlertManager.swift */,
				897FC3D8261690DC002352E7 /* UIViewController+alert.swift */,
				894064B42612308800DC682F /* AlertViews */,
			);
			path = AlertManager;
			sourceTree = "<group>";
		};
		894064B42612308800DC682F /* AlertViews */ = {
			isa = PBXGroup;
			children = (
				894064B52612308800DC682F /* ColorPickerView.swift */,
				894064B62612308800DC682F /* PickerViewManager.swift */,
			);
			path = AlertViews;
			sourceTree = "<group>";
		};
		894064B72612308800DC682F /* UIExtensions */ = {
			isa = PBXGroup;
			children = (
				892B1FB3261D2F4700329B0A /* CACornerMask+typealias.swift */,
				894064B82612308800DC682F /* UIView+TapAnimation.swift */,
				894064B92612308800DC682F /* UIView+layerAnimation.swift */,
				894064BA2612308800DC682F /* UIView+RoundedCorners.swift */,
				894064BB2612308800DC682F /* UIViewController+Keyboard.swift */,
				894064BC2612308800DC682F /* UIImageView+setDefaultLoadingInicator.swift */,
				894064BD2612308800DC682F /* UIViewController+addChildViewControllerToView.swift */,
				894064BF2612308800DC682F /* String+SizeCalculator.swift */,
				894064C02612308800DC682F /* UIImage+overlayedColor.swift */,
				894064C12612308800DC682F /* UIImage+merge.swift */,
				894064C22612308800DC682F /* UIView+shake.swift */,
				894064C32612308800DC682F /* UIColor+rgba.swift */,
				894064C42612308800DC682F /* UIScrollView+ScrollToBottom.swift */,
				894064C52612308800DC682F /* UITextField+placeholderPadding.swift */,
				892B1FE1261D3E6F00329B0A /* UIView+snapshot.swift */,
				892B205D261EC02600329B0A /* UIView+copyView.swift */,
			);
			path = UIExtensions;
			sourceTree = "<group>";
		};
		894064C72612308800DC682F /* ModuleBaseClasses */ = {
			isa = PBXGroup;
			children = (
				894064C82612308800DC682F /* ModuleTransitionHandler */,
				894064CB2612308800DC682F /* DefaultCoordinator.swift */,
			);
			path = ModuleBaseClasses;
			sourceTree = "<group>";
		};
		894064C82612308800DC682F /* ModuleTransitionHandler */ = {
			isa = PBXGroup;
			children = (
				894064C92612308800DC682F /* ModuleTransitionHandler.swift */,
				894064CA2612308800DC682F /* UIViewController+ModuleTransitionHandler.swift */,
			);
			path = ModuleTransitionHandler;
			sourceTree = "<group>";
		};
		894064CC2612308800DC682F /* UIElements */ = {
			isa = PBXGroup;
			children = (
				894064D02612308800DC682F /* SegmentedControl */,
				894064CD2612308800DC682F /* LimitatableTextView.swift */,
				894064CE2612308800DC682F /* PaddingLabel.swift */,
				894064CF2612308800DC682F /* AnnouncementViewController.swift */,
				894064D32612308800DC682F /* ScrollMovingUpManagerForUIControl.swift */,
				894064D42612308800DC682F /* ArrowDownButton.swift */,
				894064D52612308800DC682F /* ContentFittingTableView.swift */,
				894064D62612308800DC682F /* TouchClearUIComponents.swift */,
				894064D72612308800DC682F /* ButtonWithTouchSize.swift */,
				892B1F042619FA8900329B0A /* UIViewController+addStatusBarBlur.swift */,
				892B1F0A261A22D100329B0A /* FitImageContainer.swift */,
			);
			path = UIElements;
			sourceTree = "<group>";
		};
		894064D02612308800DC682F /* SegmentedControl */ = {
			isa = PBXGroup;
			children = (
				894064D12612308800DC682F /* LabelsSegmentedControl.swift */,
				894064D22612308800DC682F /* SegmentedControl.swift */,
			);
			path = SegmentedControl;
			sourceTree = "<group>";
		};
		8940651D2612327B00DC682F /* Loading */ = {
			isa = PBXGroup;
			children = (
				894065282612327B00DC682F /* LoadingInput.swift */,
				894065212612327B00DC682F /* LoadingOutput.swift */,
				8940651E2612327B00DC682F /* ViewModel */,
				894065222612327B00DC682F /* Coordinator */,
				894065252612327B00DC682F /* View */,
			);
			path = Loading;
			sourceTree = "<group>";
		};
		8940651E2612327B00DC682F /* ViewModel */ = {
			isa = PBXGroup;
			children = (
				8940651F2612327B00DC682F /* LoadingViewModelProtocol.swift */,
				894065202612327B00DC682F /* LoadingViewModel.swift */,
			);
			path = ViewModel;
			sourceTree = "<group>";
		};
		894065222612327B00DC682F /* Coordinator */ = {
			isa = PBXGroup;
			children = (
				894065232612327B00DC682F /* LoadingCoordinator.swift */,
				894065242612327B00DC682F /* LoadingCoordinatorProtocol.swift */,
			);
			path = Coordinator;
			sourceTree = "<group>";
		};
		894065252612327B00DC682F /* View */ = {
			isa = PBXGroup;
			children = (
				894065272612327B00DC682F /* LoadingViewController.swift */,
				894065262612327B00DC682F /* LoadingView.swift */,
			);
			path = View;
			sourceTree = "<group>";
		};
		894065E3261328E100DC682F /* Fonts */ = {
			isa = PBXGroup;
			children = (
				894065E4261328E100DC682F /* Gilroy */,
			);
			path = Fonts;
			sourceTree = "<group>";
		};
		894065E4261328E100DC682F /* Gilroy */ = {
			isa = PBXGroup;
			children = (
				894065E5261328E100DC682F /* Gilroy-Regular.ttf */,
				894065E6261328E100DC682F /* Gilroy-Light.ttf */,
				894065E7261328E100DC682F /* Gilroy-Semibold.ttf */,
				894065E8261328E100DC682F /* Gilroy-Bold.ttf */,
			);
			path = Gilroy;
			sourceTree = "<group>";
		};
		89F00A302542E16200D482F6 /* Constants */ = {
			isa = PBXGroup;
			children = (
				89F00A312542E16200D482F6 /* UIConstants.swift */,
			);
			path = Constants;
			sourceTree = "<group>";
		};
		89F00A3A2542E16200D482F6 /* BusinessLogicLayer */ = {
			isa = PBXGroup;
			children = (
				892B1F42261A77AF00329B0A /* AssetsManager */,
			);
			path = BusinessLogicLayer;
			sourceTree = "<group>";
		};
		89F00A4A2542E16200D482F6 /* ApplicationLayer */ = {
			isa = PBXGroup;
			children = (
				89F00A4B2542E16200D482F6 /* Launch */,
				89F00A4F2542E16200D482F6 /* Assemblies */,
				89F00A512542E16200D482F6 /* AppDelegates */,
			);
			path = ApplicationLayer;
			sourceTree = "<group>";
		};
		89F00A4B2542E16200D482F6 /* Launch */ = {
			isa = PBXGroup;
			children = (
				89F00A4C2542E16200D482F6 /* AppRouter */,
			);
			path = Launch;
			sourceTree = "<group>";
		};
		89F00A4C2542E16200D482F6 /* AppRouter */ = {
			isa = PBXGroup;
			children = (
				89F00A4D2542E16200D482F6 /* AppRouter.swift */,
				89F00A4E2542E16200D482F6 /* MainAppRouter.swift */,
			);
			path = AppRouter;
			sourceTree = "<group>";
		};
		89F00A4F2542E16200D482F6 /* Assemblies */ = {
			isa = PBXGroup;
			children = (
				89F00A502542E16200D482F6 /* ApplicationAssembly.swift */,
			);
			path = Assemblies;
			sourceTree = "<group>";
		};
		89F00A512542E16200D482F6 /* AppDelegates */ = {
			isa = PBXGroup;
			children = (
				89F00A522542E16200D482F6 /* AppDelegate.swift */,
				89F00A532542E16200D482F6 /* SceneDelegate.swift */,
			);
			path = AppDelegates;
			sourceTree = "<group>";
		};
		89F00A542542E16200D482F6 /* ModelsLayer */ = {
			isa = PBXGroup;
			children = (
				892B1F3E261A752300329B0A /* MemeTemplates.swift */,
			);
			path = ModelsLayer;
			sourceTree = "<group>";
		};
		89F00A582542E16200D482F6 /* PresentationLayer */ = {
			isa = PBXGroup;
			children = (
				894064B12612308800DC682F /* Common */,
				89F00A692542E16200D482F6 /* UserStories */,
			);
			path = PresentationLayer;
			sourceTree = "<group>";
		};
		89F00A692542E16200D482F6 /* UserStories */ = {
			isa = PBXGroup;
			children = (
				894064A126122D0100DC682F /* UserStoriesModulesAccounting.swift */,
				8940651D2612327B00DC682F /* Loading */,
				892B1EDC26181A2C00329B0A /* Templates */,
				892B1F1E261A6A2100329B0A /* Editor */,
				892B202D261E9F3000329B0A /* TextEditor */,
			);
			path = UserStories;
			sourceTree = "<group>";
		};
		AA79B48E92F24FB535E09EA5 /* SupportingFiles */ = {
			isa = PBXGroup;
			children = (
				C478B2B98E37F18BAC093DAF /* Info.plist */,
			);
			path = SupportingFiles;
			sourceTree = "<group>";
		};
		B1CB0A8201D37F8F7E3207CE /* Products */ = {
			isa = PBXGroup;
			children = (
				656934B3B2239FDB899B1AE8 /* MemeMaker.app */,
				EEE75E08BB0BFE44AD9046BF /* MemeMakerTests.xctest */,
			);
			name = Products;
			sourceTree = "<group>";
		};
		D0B3612EACCC6D6A80AA8188 /* Frameworks */ = {
			isa = PBXGroup;
			children = (
				FC03FAC3E2653A0CFEC93FAC /* Pods_MemeMaker.framework */,
				181AE00A56527B15EEF77B8C /* Pods_MemeMakerTests.framework */,
			);
			name = Frameworks;
			sourceTree = "<group>";
		};
/* End PBXGroup section */

/* Begin PBXNativeTarget section */
		30D3FDACB7D17A0BF5E8ADCF /* MemeMaker */ = {
			isa = PBXNativeTarget;
			buildConfigurationList = C8CD3F5154BC273B2F9F803E /* Build configuration list for PBXNativeTarget "MemeMaker" */;
			buildPhases = (
				B9EBAA770C4B053E82FA1B2D /* [CP] Check Pods Manifest.lock */,
				894064F9261230B600DC682F /* User stories modules accounting */,
				55CE2F9D2520D6BD00FDE7A2 /* Rswift */,
				0A19E07C48C7C4F98F7EDF1F /* Swiftlint */,
				2525B7EE3A8AE1AD7AF73DB9 /* Sources */,
				970B9A054DE2EFF9A5CA69CB /* Resources */,
				7478DEDB8AECFAF87192499D /* Frameworks */,
				7CB6406A59E5F72093BF298D /* [CP] Embed Pods Frameworks */,
			);
			buildRules = (
			);
			dependencies = (
			);
			name = MemeMaker;
			productName = MemeMaker;
			productReference = 656934B3B2239FDB899B1AE8 /* MemeMaker.app */;
			productType = "com.apple.product-type.application";
		};
		B598F813DA8C0EA645815ECB /* MemeMakerTests */ = {
			isa = PBXNativeTarget;
			buildConfigurationList = 3455D44075ADE187F82796E6 /* Build configuration list for PBXNativeTarget "MemeMakerTests" */;
			buildPhases = (
				C13649971A047CEA1F35FD80 /* [CP] Check Pods Manifest.lock */,
				8DD968C60AB43E79E0D680BE /* Sources */,
				7F2980338B9D119CAB09B8C1 /* Frameworks */,
			);
			buildRules = (
			);
			dependencies = (
				4D4AE5CBF2DEF3DA9B7D195C /* PBXTargetDependency */,
			);
			name = MemeMakerTests;
			productName = MemeMakerTests;
			productReference = EEE75E08BB0BFE44AD9046BF /* MemeMakerTests.xctest */;
			productType = "com.apple.product-type.bundle.unit-test";
		};
/* End PBXNativeTarget section */

/* Begin PBXProject section */
		80461649AC309017EED3B0DB /* Project object */ = {
			isa = PBXProject;
			attributes = {
				LastUpgradeCheck = 1210;
				TargetAttributes = {
					B598F813DA8C0EA645815ECB = {
						ProvisioningStyle = Automatic;
					};
				};
			};
			buildConfigurationList = 0017EBB2126FE6BD88165ED9 /* Build configuration list for PBXProject "MemeMaker" */;
			compatibilityVersion = "Xcode 10.0";
			developmentRegion = en;
			hasScannedForEncodings = 0;
			knownRegions = (
				en,
				ru,
				Base,
			);
			mainGroup = 6B4884D602E5C43ABE519B8B;
			productRefGroup = B1CB0A8201D37F8F7E3207CE /* Products */;
			projectDirPath = "";
			projectRoot = "";
			targets = (
				30D3FDACB7D17A0BF5E8ADCF /* MemeMaker */,
				B598F813DA8C0EA645815ECB /* MemeMakerTests */,
			);
		};
/* End PBXProject section */

/* Begin PBXResourcesBuildPhase section */
		970B9A054DE2EFF9A5CA69CB /* Resources */ = {
			isa = PBXResourcesBuildPhase;
			buildActionMask = 2147483647;
			files = (
				894065E9261328E100DC682F /* Gilroy-Regular.ttf in Resources */,
				89DD277325DCFB2C00AD2868 /* Colors.xcassets in Resources */,
				894065EB261328E100DC682F /* Gilroy-Semibold.ttf in Resources */,
				C8E8E8C4BB4C54647917C3C7 /* LaunchScreen.storyboard in Resources */,
				894065EA261328E100DC682F /* Gilroy-Light.ttf in Resources */,
				894065D726131BEF00DC682F /* Localizable.strings in Resources */,
				89DD277225DCFB2C00AD2868 /* Images.xcassets in Resources */,
				894065EC261328E100DC682F /* Gilroy-Bold.ttf in Resources */,
			);
			runOnlyForDeploymentPostprocessing = 0;
		};
/* End PBXResourcesBuildPhase section */

/* Begin PBXShellScriptBuildPhase section */
		0A19E07C48C7C4F98F7EDF1F /* Swiftlint */ = {
			isa = PBXShellScriptBuildPhase;
			buildActionMask = 2147483647;
			files = (
			);
			inputFileListPaths = (
			);
			inputPaths = (
			);
			name = Swiftlint;
			outputFileListPaths = (
			);
			outputPaths = (
			);
			runOnlyForDeploymentPostprocessing = 0;
			shellPath = /bin/sh;
			shellScript = "\"${PODS_ROOT}/SwiftLint/swiftlint\"\n";
		};
		55CE2F9D2520D6BD00FDE7A2 /* Rswift */ = {
			isa = PBXShellScriptBuildPhase;
			buildActionMask = 2147483647;
			files = (
			);
			inputFileListPaths = (
			);
			inputPaths = (
				"$TEMP_DIR/rswift-lastrun",
			);
			name = Rswift;
			outputFileListPaths = (
			);
			outputPaths = (
				$SRCROOT/R.generated.swift,
			);
			runOnlyForDeploymentPostprocessing = 0;
			shellPath = /bin/sh;
			shellScript = "\"$PODS_ROOT/R.swift/rswift\" generate \"$SRCROOT/R.generated.swift\"\n";
		};
		7CB6406A59E5F72093BF298D /* [CP] Embed Pods Frameworks */ = {
			isa = PBXShellScriptBuildPhase;
			buildActionMask = 2147483647;
			files = (
			);
			inputFileListPaths = (
				"${PODS_ROOT}/Target Support Files/Pods-MemeMaker/Pods-MemeMaker-frameworks-${CONFIGURATION}-input-files.xcfilelist",
			);
			name = "[CP] Embed Pods Frameworks";
			outputFileListPaths = (
				"${PODS_ROOT}/Target Support Files/Pods-MemeMaker/Pods-MemeMaker-frameworks-${CONFIGURATION}-output-files.xcfilelist",
			);
			runOnlyForDeploymentPostprocessing = 0;
			shellPath = /bin/sh;
			shellScript = "\"${PODS_ROOT}/Target Support Files/Pods-MemeMaker/Pods-MemeMaker-frameworks.sh\"\n";
			showEnvVarsInLog = 0;
		};
		894064F9261230B600DC682F /* User stories modules accounting */ = {
			isa = PBXShellScriptBuildPhase;
			buildActionMask = 2147483647;
			files = (
			);
			inputFileListPaths = (
			);
			inputPaths = (
			);
			name = "User stories modules accounting";
			outputFileListPaths = (
			);
			outputPaths = (
			);
			runOnlyForDeploymentPostprocessing = 0;
			shellPath = /bin/sh;
			shellScript = "\"$SRCROOT/ModulesAccounter.sh\"\n";
		};
		B9EBAA770C4B053E82FA1B2D /* [CP] Check Pods Manifest.lock */ = {
			isa = PBXShellScriptBuildPhase;
			buildActionMask = 2147483647;
			files = (
			);
			inputFileListPaths = (
			);
			inputPaths = (
				"${PODS_PODFILE_DIR_PATH}/Podfile.lock",
				"${PODS_ROOT}/Manifest.lock",
			);
			name = "[CP] Check Pods Manifest.lock";
			outputFileListPaths = (
			);
			outputPaths = (
				"$(DERIVED_FILE_DIR)/Pods-MemeMaker-checkManifestLockResult.txt",
			);
			runOnlyForDeploymentPostprocessing = 0;
			shellPath = /bin/sh;
			shellScript = "diff \"${PODS_PODFILE_DIR_PATH}/Podfile.lock\" \"${PODS_ROOT}/Manifest.lock\" > /dev/null\nif [ $? != 0 ] ; then\n    # print error to STDERR\n    echo \"error: The sandbox is not in sync with the Podfile.lock. Run 'pod install' or update your CocoaPods installation.\" >&2\n    exit 1\nfi\n# This output is used by Xcode 'outputs' to avoid re-running this script phase.\necho \"SUCCESS\" > \"${SCRIPT_OUTPUT_FILE_0}\"\n";
			showEnvVarsInLog = 0;
		};
		C13649971A047CEA1F35FD80 /* [CP] Check Pods Manifest.lock */ = {
			isa = PBXShellScriptBuildPhase;
			buildActionMask = 2147483647;
			files = (
			);
			inputFileListPaths = (
			);
			inputPaths = (
				"${PODS_PODFILE_DIR_PATH}/Podfile.lock",
				"${PODS_ROOT}/Manifest.lock",
			);
			name = "[CP] Check Pods Manifest.lock";
			outputFileListPaths = (
			);
			outputPaths = (
				"$(DERIVED_FILE_DIR)/Pods-MemeMakerTests-checkManifestLockResult.txt",
			);
			runOnlyForDeploymentPostprocessing = 0;
			shellPath = /bin/sh;
			shellScript = "diff \"${PODS_PODFILE_DIR_PATH}/Podfile.lock\" \"${PODS_ROOT}/Manifest.lock\" > /dev/null\nif [ $? != 0 ] ; then\n    # print error to STDERR\n    echo \"error: The sandbox is not in sync with the Podfile.lock. Run 'pod install' or update your CocoaPods installation.\" >&2\n    exit 1\nfi\n# This output is used by Xcode 'outputs' to avoid re-running this script phase.\necho \"SUCCESS\" > \"${SCRIPT_OUTPUT_FILE_0}\"\n";
			showEnvVarsInLog = 0;
		};
/* End PBXShellScriptBuildPhase section */

/* Begin PBXSourcesBuildPhase section */
		2525B7EE3A8AE1AD7AF73DB9 /* Sources */ = {
			isa = PBXSourcesBuildPhase;
			buildActionMask = 2147483647;
			files = (
				892B205E261EC02600329B0A /* UIView+copyView.swift in Sources */,
				892B1F2E261A6A2100329B0A /* EditorCoordinatorProtocol.swift in Sources */,
				894064EF2612308800DC682F /* AnnouncementViewController.swift in Sources */,
				892B1F4F261A77AF00329B0A /* AssetsManagerProtocol.swift in Sources */,
				894064E02612308800DC682F /* UIViewController+addChildViewControllerToView.swift in Sources */,
				894064F12612308800DC682F /* SegmentedControl.swift in Sources */,
				8940652A2612327C00DC682F /* LoadingViewModel.swift in Sources */,
				892B1F53261A77AF00329B0A /* PHAsset+ImageAssetProtocol.swift in Sources */,
				894064F32612308800DC682F /* ArrowDownButton.swift in Sources */,
				894064DA2612308800DC682F /* PickerViewManager.swift in Sources */,
				894064E72612308800DC682F /* UIScrollView+ScrollToBottom.swift in Sources */,
				892B1EEA26181A2C00329B0A /* TemplatesCoordinator.swift in Sources */,
				894064A226122D0100DC682F /* UserStoriesModulesAccounting.swift in Sources */,
				892B203B261E9F3000329B0A /* TextEditorCoordinator.swift in Sources */,
				892B1EE926181A2C00329B0A /* TemplatesViewModelProtocol.swift in Sources */,
				89F00AB32542E16200D482F6 /* AppDelegate.swift in Sources */,
				892B1F51261A77AF00329B0A /* DKAssetsManager.swift in Sources */,
				89F00AB02542E16200D482F6 /* AppRouter.swift in Sources */,
				892B1F3F261A752300329B0A /* MemeTemplates.swift in Sources */,
				892B1F31261A6A2100329B0A /* EditorViewController.swift in Sources */,
				89F00AB22542E16200D482F6 /* ApplicationAssembly.swift in Sources */,
				894064E32612308800DC682F /* UIImage+overlayedColor.swift in Sources */,
				8940652B2612327C00DC682F /* LoadingOutput.swift in Sources */,
				892B206E261EEC2100329B0A /* DragableLabelView.swift in Sources */,
				892B2046261EBB9C00329B0A /* TextOptionsView.swift in Sources */,
				892B1F2C261A6A2100329B0A /* EditorViewModelProtocol.swift in Sources */,
				892B1F87261D2AA100329B0A /* UserDefaults+color.swift in Sources */,
				89DD264B25DC9F0000AD2868 /* R.generated.swift in Sources */,
				892B1F88261D2AA100329B0A /* Array+weakObjects.swift in Sources */,
				8940652F2612327C00DC682F /* LoadingViewController.swift in Sources */,
				892B2040261E9F3000329B0A /* TextEditorInput.swift in Sources */,
				894064DB2612308800DC682F /* UIView+TapAnimation.swift in Sources */,
				892B1FB4261D2F4700329B0A /* CACornerMask+typealias.swift in Sources */,
				89F00AB42542E16200D482F6 /* SceneDelegate.swift in Sources */,
				894064F22612308800DC682F /* ScrollMovingUpManagerForUIControl.swift in Sources */,
				892B203D261E9F3000329B0A /* TextEditorOutput.swift in Sources */,
				892B203C261E9F3000329B0A /* TextEditorCoordinatorProtocol.swift in Sources */,
				894064D82612308800DC682F /* AlertManager.swift in Sources */,
				8940645126122B7600DC682F /* CustomPatchEncoding.swift in Sources */,
				894064DF2612308800DC682F /* UIImageView+setDefaultLoadingInicator.swift in Sources */,
				892B1F54261A77AF00329B0A /* AssetsManagerTypealiases.swift in Sources */,
				892B1F8A261D2AA100329B0A /* Array+safeIndex.swift in Sources */,
				897FC3D9261690DC002352E7 /* UIViewController+alert.swift in Sources */,
				894064EE2612308800DC682F /* PaddingLabel.swift in Sources */,
				8940652C2612327C00DC682F /* LoadingCoordinator.swift in Sources */,
				894064F52612308800DC682F /* TouchClearUIComponents.swift in Sources */,
				892B203A261E9F3000329B0A /* TextEditorViewModelProtocol.swift in Sources */,
				892B203E261E9F3000329B0A /* TextEditorViewController.swift in Sources */,
				892B1F8B261D2AA100329B0A /* String+capitalizingFirstLetter.swift in Sources */,
				894064E22612308800DC682F /* String+SizeCalculator.swift in Sources */,
				8940645626122B7600DC682F /* DataRequestExecutable.swift in Sources */,
				892B1F52261A77AF00329B0A /* AssetsManagerErrors.swift in Sources */,
				894064E82612308800DC682F /* UITextField+placeholderPadding.swift in Sources */,
				892B1EEC26181A2C00329B0A /* TemplatesOutput.swift in Sources */,
				892B1F0B261A22D100329B0A /* FitImageContainer.swift in Sources */,
				8940645526122B7600DC682F /* NetworkErrors.swift in Sources */,
				894064ED2612308800DC682F /* LimitatableTextView.swift in Sources */,
				894064D92612308800DC682F /* ColorPickerView.swift in Sources */,
				892B1EEF26181A2C00329B0A /* TemplatesInput.swift in Sources */,
				8940645226122B7600DC682F /* CustomArrayEncoding.swift in Sources */,
				892B1F2A261A6A2100329B0A /* EditorOutput.swift in Sources */,
				89F00AB12542E16200D482F6 /* MainAppRouter.swift in Sources */,
				894064DC2612308800DC682F /* UIView+layerAnimation.swift in Sources */,
				892B1F86261D2AA100329B0A /* SKProduct+localizedPrice.swift in Sources */,
				892B1FE2261D3E6F00329B0A /* UIView+snapshot.swift in Sources */,
				894064E52612308800DC682F /* UIView+shake.swift in Sources */,
				8940645426122B7600DC682F /* NetworkService.swift in Sources */,
				892B1F56261A77AF00329B0A /* ImageAssetProtocol.swift in Sources */,
				8940645326122B7600DC682F /* DataParser.swift in Sources */,
				894064E62612308800DC682F /* UIColor+rgba.swift in Sources */,
				894065302612327C00DC682F /* LoadingInput.swift in Sources */,
				892B2039261E9F3000329B0A /* TextEditorViewModel.swift in Sources */,
				892B1F50261A77AF00329B0A /* PHAssetsManager.swift in Sources */,
				894064EB2612308800DC682F /* UIViewController+ModuleTransitionHandler.swift in Sources */,
				892B1EEE26181A2C00329B0A /* TemplatesViewController.swift in Sources */,
				894064DD2612308800DC682F /* UIView+RoundedCorners.swift in Sources */,
				892B1EED26181A2C00329B0A /* TemplatesView.swift in Sources */,
				892B1F4E261A77AF00329B0A /* AssetsManager.swift in Sources */,
				892B1F052619FA8900329B0A /* UIViewController+addStatusBarBlur.swift in Sources */,
				894064E42612308800DC682F /* UIImage+merge.swift in Sources */,
				892B1F30261A6A2100329B0A /* EditorView.swift in Sources */,
				894064F02612308800DC682F /* LabelsSegmentedControl.swift in Sources */,
				894064F62612308800DC682F /* ButtonWithTouchSize.swift in Sources */,
				892B1EF52619EF4200329B0A /* MemeTemplateCollectionViewCell.swift in Sources */,
				894065292612327C00DC682F /* LoadingViewModelProtocol.swift in Sources */,
				892B1EE826181A2C00329B0A /* TemplatesViewModel.swift in Sources */,
				892B1F2F261A6A2100329B0A /* EditorInput.swift in Sources */,
				894064F42612308800DC682F /* ContentFittingTableView.swift in Sources */,
				894064DE2612308800DC682F /* UIViewController+Keyboard.swift in Sources */,
				892B1F89261D2AA100329B0A /* Bundle+info.swift in Sources */,
				892B1EEB26181A2C00329B0A /* TemplatesCoordinatorProtocol.swift in Sources */,
				894064E92612308800DC682F /* UIStyleManager.swift in Sources */,
				8940652E2612327C00DC682F /* LoadingView.swift in Sources */,
				8940652D2612327C00DC682F /* LoadingCoordinatorProtocol.swift in Sources */,
				892B1F2B261A6A2100329B0A /* EditorViewModel.swift in Sources */,
				89F00A9D2542E16200D482F6 /* UIConstants.swift in Sources */,
				894064EC2612308800DC682F /* DefaultCoordinator.swift in Sources */,
				892B2066261EDF6D00329B0A /* ShapeOptionsView.swift in Sources */,
				894064EA2612308800DC682F /* ModuleTransitionHandler.swift in Sources */,
				8940645726122B7600DC682F /* CompletionTypealiasesDefault.swift in Sources */,
				892B203F261E9F3000329B0A /* TextEditorView.swift in Sources */,
				892B1F2D261A6A2100329B0A /* EditorCoordinator.swift in Sources */,
				892B1F55261A77AF00329B0A /* PHPickerResult+ImageAssetProtocol.swift in Sources */,
				892B2062261ED7EC00329B0A /* ColorOptionsView.swift in Sources */,
			);
			runOnlyForDeploymentPostprocessing = 0;
		};
		8DD968C60AB43E79E0D680BE /* Sources */ = {
			isa = PBXSourcesBuildPhase;
			buildActionMask = 2147483647;
			files = (
				C36D8F4FA77B8D006AE5566C /* MemeMakerUnitTest.swift in Sources */,
			);
			runOnlyForDeploymentPostprocessing = 0;
		};
/* End PBXSourcesBuildPhase section */

/* Begin PBXTargetDependency section */
		4D4AE5CBF2DEF3DA9B7D195C /* PBXTargetDependency */ = {
			isa = PBXTargetDependency;
			target = 30D3FDACB7D17A0BF5E8ADCF /* MemeMaker */;
			targetProxy = DB34FCE51D48A32D030DFE82 /* PBXContainerItemProxy */;
		};
/* End PBXTargetDependency section */

/* Begin PBXVariantGroup section */
		894065D526131BEE00DC682F /* Localizable.strings */ = {
			isa = PBXVariantGroup;
			children = (
				894065D626131BEF00DC682F /* en */,
				894065DC26131C0E00DC682F /* ru */,
			);
			name = Localizable.strings;
			sourceTree = "<group>";
		};
/* End PBXVariantGroup section */

/* Begin XCBuildConfiguration section */
		07EFE115B5F90A581C197047 /* Debug */ = {
			isa = XCBuildConfiguration;
			buildSettings = {
				ALWAYS_SEARCH_USER_PATHS = NO;
				CLANG_ANALYZER_LOCALIZABILITY_NONLOCALIZED = YES;
				CLANG_ANALYZER_NONNULL = YES;
				CLANG_ANALYZER_NUMBER_OBJECT_CONVERSION = YES_AGGRESSIVE;
				CLANG_CXX_LANGUAGE_STANDARD = "gnu++14";
				CLANG_CXX_LIBRARY = "libc++";
				CLANG_ENABLE_MODULES = YES;
				CLANG_ENABLE_OBJC_ARC = YES;
				CLANG_WARN_BLOCK_CAPTURE_AUTORELEASING = YES;
				CLANG_WARN_BOOL_CONVERSION = YES;
				CLANG_WARN_COMMA = YES;
				CLANG_WARN_CONSTANT_CONVERSION = YES;
				CLANG_WARN_DEPRECATED_OBJC_IMPLEMENTATIONS = YES;
				CLANG_WARN_DIRECT_OBJC_ISA_USAGE = YES_ERROR;
				CLANG_WARN_DOCUMENTATION_COMMENTS = YES;
				CLANG_WARN_EMPTY_BODY = YES;
				CLANG_WARN_ENUM_CONVERSION = YES;
				CLANG_WARN_INFINITE_RECURSION = YES;
				CLANG_WARN_INT_CONVERSION = YES;
				CLANG_WARN_NON_LITERAL_NULL_CONVERSION = YES;
				CLANG_WARN_OBJC_IMPLICIT_RETAIN_SELF = YES;
				CLANG_WARN_OBJC_LITERAL_CONVERSION = YES;
				CLANG_WARN_OBJC_ROOT_CLASS = YES_ERROR;
				CLANG_WARN_QUOTED_INCLUDE_IN_FRAMEWORK_HEADER = YES;
				CLANG_WARN_RANGE_LOOP_ANALYSIS = YES;
				CLANG_WARN_STRICT_PROTOTYPES = YES;
				CLANG_WARN_SUSPICIOUS_MOVE = YES;
				CLANG_WARN_UNGUARDED_AVAILABILITY = YES_AGGRESSIVE;
				CLANG_WARN_UNREACHABLE_CODE = YES;
				CLANG_WARN__DUPLICATE_METHOD_MATCH = YES;
				COPY_PHASE_STRIP = NO;
				DEBUG_INFORMATION_FORMAT = dwarf;
				ENABLE_STRICT_OBJC_MSGSEND = YES;
				ENABLE_TESTABILITY = YES;
				GCC_C_LANGUAGE_STANDARD = gnu11;
				GCC_DYNAMIC_NO_PIC = NO;
				GCC_NO_COMMON_BLOCKS = YES;
				GCC_OPTIMIZATION_LEVEL = 0;
				GCC_PREPROCESSOR_DEFINITIONS = (
					"$(inherited)",
					"DEBUG=1",
				);
				GCC_WARN_64_TO_32_BIT_CONVERSION = YES;
				GCC_WARN_ABOUT_RETURN_TYPE = YES_ERROR;
				GCC_WARN_UNDECLARED_SELECTOR = YES;
				GCC_WARN_UNINITIALIZED_AUTOS = YES_AGGRESSIVE;
				GCC_WARN_UNUSED_FUNCTION = YES;
				GCC_WARN_UNUSED_VARIABLE = YES;
				IPHONEOS_DEPLOYMENT_TARGET = 13.0;
				MTL_ENABLE_DEBUG_INFO = YES;
				ONLY_ACTIVE_ARCH = YES;
				PRODUCT_NAME = "$(TARGET_NAME)";
				SDKROOT = iphoneos;
				SWIFT_ACTIVE_COMPILATION_CONDITIONS = DEBUG;
				SWIFT_OPTIMIZATION_LEVEL = "-Onone";
				SWIFT_VERSION = 5.0;
			};
			name = Debug;
		};
		4643C841AD1F1D5B66992D53 /* Debug */ = {
			isa = XCBuildConfiguration;
			baseConfigurationReference = AA50F899D423B5FD91BAA4EB /* Pods-MemeMakerTests.debug.xcconfig */;
			buildSettings = {
				BUNDLE_LOADER = "$(TEST_HOST)";
				CODE_SIGN_STYLE = Automatic;
				INFOPLIST_FILE = MemeMakerTests/SupportingFiles/Info.plist;
				LD_RUNPATH_SEARCH_PATHS = (
					"$(inherited)",
					"@executable_path/Frameworks",
					"@loader_path/Frameworks",
				);
				SDKROOT = iphoneos;
				SWIFT_VERSION = 5.2;
				TARGETED_DEVICE_FAMILY = "1,2";
				TEST_HOST = "$(BUILT_PRODUCTS_DIR)/MemeMaker.app/MemeMaker";
			};
			name = Debug;
		};
		5FCE8C5F2B7C86CE612A7DB1 /* AdHoc */ = {
			isa = XCBuildConfiguration;
			baseConfigurationReference = 22AAFD8077F8A855F8057D82 /* Pods-MemeMakerTests.adhoc.xcconfig */;
			buildSettings = {
				BUNDLE_LOADER = "$(TEST_HOST)";
				CODE_SIGN_STYLE = Automatic;
				INFOPLIST_FILE = MemeMakerTests/SupportingFiles/Info.plist;
				LD_RUNPATH_SEARCH_PATHS = (
					"$(inherited)",
					"@executable_path/Frameworks",
					"@loader_path/Frameworks",
				);
				SDKROOT = iphoneos;
				SWIFT_VERSION = 5.2;
				TARGETED_DEVICE_FAMILY = "1,2";
				TEST_HOST = "$(BUILT_PRODUCTS_DIR)/MemeMaker.app/MemeMaker";
			};
			name = AdHoc;
		};
		60D6AF1FC69FAA5D7BCEC41A /* Debug */ = {
			isa = XCBuildConfiguration;
			baseConfigurationReference = F1A97D24E1314BC504A0C8C1 /* Pods-MemeMaker.debug.xcconfig */;
			buildSettings = {
				ASSETCATALOG_COMPILER_APPICON_NAME = AppIcon;
				CODE_SIGN_IDENTITY = "Apple Development";
				CODE_SIGN_STYLE = Automatic;
				DEVELOPMENT_TEAM = LBLG7J3SF4;
				INFOPLIST_FILE = MemeMaker/SupportingFiles/Info.plist;
				IPHONEOS_DEPLOYMENT_TARGET = 13.0;
				LD_RUNPATH_SEARCH_PATHS = (
					"$(inherited)",
					"@executable_path/Frameworks",
				);
				PRODUCT_BUNDLE_IDENTIFIER = com.acherenov.mememaker;
				PROVISIONING_PROFILE_SPECIFIER = "";
				SDKROOT = iphoneos;
				SWIFT_SWIFT3_OBJC_INFERENCE = YES;
				SWIFT_VERSION = 5.2;
				TARGETED_DEVICE_FAMILY = 1;
			};
			name = Debug;
		};
		819CAD83F7E0FCB0E6BC4C3E /* AdHoc */ = {
			isa = XCBuildConfiguration;
			baseConfigurationReference = 0178F67D52AB8FF4AD0D9547 /* Pods-MemeMaker.adhoc.xcconfig */;
			buildSettings = {
				ASSETCATALOG_COMPILER_APPICON_NAME = AppIcon;
				CODE_SIGN_IDENTITY = "Apple Development";
				CODE_SIGN_STYLE = Automatic;
				DEVELOPMENT_TEAM = LBLG7J3SF4;
				INFOPLIST_FILE = MemeMaker/SupportingFiles/Info.plist;
				IPHONEOS_DEPLOYMENT_TARGET = 13.0;
				LD_RUNPATH_SEARCH_PATHS = (
					"$(inherited)",
					"@executable_path/Frameworks",
				);
				PRODUCT_BUNDLE_IDENTIFIER = com.acherenov.mememaker;
				PROVISIONING_PROFILE_SPECIFIER = "";
				SDKROOT = iphoneos;
				SWIFT_SWIFT3_OBJC_INFERENCE = YES;
				SWIFT_VERSION = 5.2;
				TARGETED_DEVICE_FAMILY = 1;
			};
			name = AdHoc;
		};
		8FCC798A600016BC6ECD1BC6 /* AdHoc */ = {
			isa = XCBuildConfiguration;
			buildSettings = {
				CLANG_ANALYZER_LOCALIZABILITY_NONLOCALIZED = YES;
				CLANG_WARN_QUOTED_INCLUDE_IN_FRAMEWORK_HEADER = YES;
				IPHONEOS_DEPLOYMENT_TARGET = 13.0;
				SDKROOT = iphoneos;
			};
			name = AdHoc;
		};
		9C8105EA64C277CFEF479AD3 /* Release */ = {
			isa = XCBuildConfiguration;
			baseConfigurationReference = 678DC1594F1721FA4DC5EFE5 /* Pods-MemeMaker.release.xcconfig */;
			buildSettings = {
				ASSETCATALOG_COMPILER_APPICON_NAME = AppIcon;
				CODE_SIGN_IDENTITY = "Apple Development";
				CODE_SIGN_STYLE = Automatic;
				DEVELOPMENT_TEAM = LBLG7J3SF4;
				INFOPLIST_FILE = MemeMaker/SupportingFiles/Info.plist;
				IPHONEOS_DEPLOYMENT_TARGET = 13.0;
				LD_RUNPATH_SEARCH_PATHS = (
					"$(inherited)",
					"@executable_path/Frameworks",
				);
				PRODUCT_BUNDLE_IDENTIFIER = com.acherenov.mememaker;
				PROVISIONING_PROFILE_SPECIFIER = "";
				SDKROOT = iphoneos;
				SWIFT_SWIFT3_OBJC_INFERENCE = YES;
				SWIFT_VERSION = 5.2;
				TARGETED_DEVICE_FAMILY = 1;
			};
			name = Release;
		};
		EF44C198353DFE2721CC4F81 /* Release */ = {
			isa = XCBuildConfiguration;
			baseConfigurationReference = 6438099CA5B29E430834CBCF /* Pods-MemeMakerTests.release.xcconfig */;
			buildSettings = {
				BUNDLE_LOADER = "$(TEST_HOST)";
				CODE_SIGN_STYLE = Automatic;
				INFOPLIST_FILE = MemeMakerTests/SupportingFiles/Info.plist;
				LD_RUNPATH_SEARCH_PATHS = (
					"$(inherited)",
					"@executable_path/Frameworks",
					"@loader_path/Frameworks",
				);
				SDKROOT = iphoneos;
				SWIFT_VERSION = 5.2;
				TARGETED_DEVICE_FAMILY = "1,2";
				TEST_HOST = "$(BUILT_PRODUCTS_DIR)/MemeMaker.app/MemeMaker";
			};
			name = Release;
		};
		FB1389302B5C0CEC6B491693 /* Release */ = {
			isa = XCBuildConfiguration;
			buildSettings = {
				CLANG_ANALYZER_LOCALIZABILITY_NONLOCALIZED = YES;
				CLANG_WARN_QUOTED_INCLUDE_IN_FRAMEWORK_HEADER = YES;
				IPHONEOS_DEPLOYMENT_TARGET = 13.0;
				SDKROOT = iphoneos;
				SWIFT_COMPILATION_MODE = wholemodule;
			};
			name = Release;
		};
/* End XCBuildConfiguration section */

/* Begin XCConfigurationList section */
		0017EBB2126FE6BD88165ED9 /* Build configuration list for PBXProject "MemeMaker" */ = {
			isa = XCConfigurationList;
			buildConfigurations = (
				8FCC798A600016BC6ECD1BC6 /* AdHoc */,
				07EFE115B5F90A581C197047 /* Debug */,
				FB1389302B5C0CEC6B491693 /* Release */,
			);
			defaultConfigurationIsVisible = 0;
			defaultConfigurationName = AdHoc;
		};
		3455D44075ADE187F82796E6 /* Build configuration list for PBXNativeTarget "MemeMakerTests" */ = {
			isa = XCConfigurationList;
			buildConfigurations = (
				5FCE8C5F2B7C86CE612A7DB1 /* AdHoc */,
				4643C841AD1F1D5B66992D53 /* Debug */,
				EF44C198353DFE2721CC4F81 /* Release */,
			);
			defaultConfigurationIsVisible = 0;
			defaultConfigurationName = AdHoc;
		};
		C8CD3F5154BC273B2F9F803E /* Build configuration list for PBXNativeTarget "MemeMaker" */ = {
			isa = XCConfigurationList;
			buildConfigurations = (
				819CAD83F7E0FCB0E6BC4C3E /* AdHoc */,
				60D6AF1FC69FAA5D7BCEC41A /* Debug */,
				9C8105EA64C277CFEF479AD3 /* Release */,
			);
			defaultConfigurationIsVisible = 0;
			defaultConfigurationName = AdHoc;
		};
/* End XCConfigurationList section */
	};
	rootObject = 80461649AC309017EED3B0DB /* Project object */;
}
